
Microsoft Visual Studio Solution File, Format Version 12.00
# Visual Studio Version 17
VisualStudioVersion = 17.11.35312.102
MinimumVisualStudioVersion = 10.0.40219.1
Project("{8BC9CEB8-8B4A-11D0-8D11-00A0C91BC942}") = "product_of_array_except_itself", "product_of_array_except_itself\product_of_array_except_itself.vcxproj", "{E1DC369D-CBD1-4D24-9B3F-10CB31A9DE31}"
EndProject
Project("{8BC9CEB8-8B4A-11D0-8D11-00A0C91BC942}") = "valid_sudoku", "valid_sudoku\valid_sudoku.vcxproj", "{19002D8E-C50A-44D7-BA69-4A28BA5E6C66}"
EndProject
Project("{8BC9CEB8-8B4A-11D0-8D11-00A0C91BC942}") = "maximum_value_of_a_string_in_an_array", "maximum_value_of_a_string_in_an_array\maximum_value_of_a_string_in_an_array.vcxproj", "{DA43C68F-A005-485D-BA00-A15DA0CCB4F5}"
EndProject
Project("{8BC9CEB8-8B4A-11D0-8D11-00A0C91BC942}") = "maximum_segment_sum_after_removals", "maximum_segment_sum_after_removals\maximum_segment_sum_after_removals.vcxproj", "{3EF3EAF5-B03A-48D5-8B58-2FD404A4112C}"
EndProject
Project("{8BC9CEB8-8B4A-11D0-8D11-00A0C91BC942}") = "2570_merge_two_arrays_by_summing_their_values", "2570_merge_two_arrays_by_summing_their_values\2570_merge_two_arrays_by_summing_their_values.vcxproj", "{20C347FD-B868-48C5-9DEA-F68AB81394AD}"
EndProject
Project("{8BC9CEB8-8B4A-11D0-8D11-00A0C91BC942}") = "387_first_unique_character_in_a_string", "387_first_unique_character_in_a_string\387_first_unique_character_in_a_string.vcxproj", "{89A5091E-9CFA-4585-BBFD-90D290EF68B3}"
EndProject
Project("{8BC9CEB8-8B4A-11D0-8D11-00A0C91BC942}") = "counting_sort", "counting_sort\counting_sort.vcxproj", "{0DF974AE-A150-4CC3-8877-822ED686B5BD}"
EndProject
Project("{8BC9CEB8-8B4A-11D0-8D11-00A0C91BC942}") = "utils", "utils\utils.vcxproj", "{16B0490B-77C0-4802-8BBA-AB60B3555A4D}"
EndProject
Project("{8BC9CEB8-8B4A-11D0-8D11-00A0C91BC942}") = "227_basic_calculator", "227_basic_calculator\227_basic_calculator.vcxproj", "{F4159F1B-08A3-4906-A946-E89F40963EBB}"
EndProject
Project("{8BC9CEB8-8B4A-11D0-8D11-00A0C91BC942}") = "964_least_operators_to_express_number", "964_least_operators_to_express_number\964_least_operators_to_express_number.vcxproj", "{0815C419-44EF-40C0-ADC2-DEACC6FFC29C}"
EndProject
Project("{8BC9CEB8-8B4A-11D0-8D11-00A0C91BC942}") = "2058_find_the_min_and_max_number_of_nodes_between_critical_points", "2058_find_the_min_and_max_number_of_nodes_between_critical_points\2058_find_the_min_and_max_number_of_nodes_between_critical_points.vcxproj", "{F26A3E79-A645-4EFE-8993-E3ACAD5AABF3}"
EndProject
Project("{8BC9CEB8-8B4A-11D0-8D11-00A0C91BC942}") = "2751_robot_collisions", "2751_robot_collisions\2751_robot_collisions.vcxproj", "{5B87C945-944D-41B6-9809-A1A9388FCAB8}"
EndProject
Project("{8BC9CEB8-8B4A-11D0-8D11-00A0C91BC942}") = "1380_lucky_number_in_matrix", "1380_lucky_number_in_matrix\1380_lucky_number_in_matrix.vcxproj", "{10CD2554-FB07-45F6-91F7-16544BA65EB1}"
EndProject
Project("{8BC9CEB8-8B4A-11D0-8D11-00A0C91BC942}") = "1636_sort_array_by_increasing_frequency", "1636_sort_array_by_increasing_frequency\1636_sort_array_by_increasing_frequency.vcxproj", "{ADB144CC-E735-440A-8E0B-42BECE5F2452}"
EndProject
Project("{8BC9CEB8-8B4A-11D0-8D11-00A0C91BC942}") = "2191_sort_the_jumbled_numbers", "2191_sort_the_jumbled_numbers\2191_sort_the_jumbled_numbers.vcxproj", "{A26D4E13-4B36-40FF-B774-BB8C8DAF0E43}"
EndProject
Project("{8BC9CEB8-8B4A-11D0-8D11-00A0C91BC942}") = "912_sort_an_array", "912_sort_an_array\912_sort_an_array.vcxproj", "{E59C3F56-E40A-41AF-86DF-1AE954669DCD}"
EndProject
Project("{8BC9CEB8-8B4A-11D0-8D11-00A0C91BC942}") = "650_2_keys_keyboard", "650_2_keys_keyboard\650_2_keys_keyboard.vcxproj", "{3984F03C-C0DC-4F21-A3CB-6D0F520F9B1D}"
EndProject
Project("{8BC9CEB8-8B4A-11D0-8D11-00A0C91BC942}") = "476_number_complement", "476_number_complement\476_number_complement.vcxproj", "{1BB7A640-545A-4F36-8490-1DFE9D7DDE5D}"
EndProject
Project("{8BC9CEB8-8B4A-11D0-8D11-00A0C91BC942}") = "145_binary_tree_postorder_traversal", "145_binary_tree_postorder_traversal\145_binary_tree_postorder_traversal.vcxproj", "{7C6D3BEF-8956-429F-82A7-94A36B185453}"
EndProject
Project("{8BC9CEB8-8B4A-11D0-8D11-00A0C91BC942}") = "590_nary_tree_postorder_traversal", "590_nary_tree_postorder_traversal\590_nary_tree_postorder_traversal.vcxproj", "{9BC02370-CCD2-4A7F-B77C-2ABAFC7A76F9}"
EndProject
Project("{8BC9CEB8-8B4A-11D0-8D11-00A0C91BC942}") = "1905_count_sub_islands", "1905_count_sub_islands\1905_count_sub_islands.vcxproj", "{A655CF9E-2D68-47A6-B4D9-17987E04D2B1}"
EndProject
Project("{8BC9CEB8-8B4A-11D0-8D11-00A0C91BC942}") = "2022_convert_1d_array_into_2d_array", "2022_convert_1d_array_into_2d_array\2022_convert_1d_array_into_2d_array.vcxproj", "{7CBD970D-9D43-4DF7-9090-5D6334AC01C7}"
EndProject
Project("{8BC9CEB8-8B4A-11D0-8D11-00A0C91BC942}") = "1894_find_the_student_who_will_replace_the_chalk", "1894_find_the_student_who_will_replace_the_chalk\1894_find_the_student_who_will_replace_the_chalk.vcxproj", "{DB3F5213-FEB7-4ABB-A751-4E074A8075CB}"
EndProject
Project("{8BC9CEB8-8B4A-11D0-8D11-00A0C91BC942}") = "1945_sum_of_digits_of_string_after_convert", "1945_sum_of_digits_of_string_after_convert\1945_sum_of_digits_of_string_after_convert.vcxproj", "{488EE599-72B7-4A47-AE53-6585E1A0C782}"
EndProject
Project("{8BC9CEB8-8B4A-11D0-8D11-00A0C91BC942}") = "874_walking_robot_simulation", "874_walking_robot_simulation\874_walking_robot_simulation.vcxproj", "{FEA5787B-B711-41D3-8797-41177FEA1B7F}"
EndProject
Project("{8BC9CEB8-8B4A-11D0-8D11-00A0C91BC942}") = "2028_find_missing_observations", "2028_find_missing_observations\2028_find_missing_observations.vcxproj", "{20DA8AC9-1B64-47A1-84CB-125304B0E1EF}"
EndProject
Project("{8BC9CEB8-8B4A-11D0-8D11-00A0C91BC942}") = "3217_delete_nodes_from_linked_list_present_in_array", "3217_delete_nodes_from_linked_list_present_in_array\3217_delete_nodes_from_linked_list_present_in_array.vcxproj", "{B4E6AB21-D992-4546-A7E9-8C6CC0BB7488}"
EndProject
Project("{8BC9CEB8-8B4A-11D0-8D11-00A0C91BC942}") = "228_summary_ranges", "228_summary_ranges\228_summary_ranges.vcxproj", "{7CE65E6B-26B4-4871-8A39-F9DA286937BA}"
EndProject
Project("{8BC9CEB8-8B4A-11D0-8D11-00A0C91BC942}") = "1367_linked_list_in_binary_tree", "1367_linked_list_in_binary_tree\1367_linked_list_in_binary_tree.vcxproj", "{239D00C7-1C61-4A25-BF77-70FCAB18D96B}"
EndProject
Project("{8BC9CEB8-8B4A-11D0-8D11-00A0C91BC942}") = "725_split_linked_list_in_parts", "725_split_linked_list_in_parts\725_split_linked_list_in_parts.vcxproj", "{1E7A474A-7ABE-4A57-8C0C-D627186DC87A}"
EndProject
Project("{8BC9CEB8-8B4A-11D0-8D11-00A0C91BC942}") = "2326_spiral_matrix_IV", "2326_spiral_matrix_IV\2326_spiral_matrix_IV.vcxproj", "{79A1AB36-776E-42B4-9457-4A685E981D76}"
EndProject
Project("{8BC9CEB8-8B4A-11D0-8D11-00A0C91BC942}") = "2807_insert_greatest_common_divisors_in_linked_list", "2807_insert_greatest_common_divisors_in_linked_list\2807_insert_greatest_common_divisors_in_linked_list.vcxproj", "{BBFD5D89-B736-4CDF-B291-0341204A3424}"
EndProject
Project("{8BC9CEB8-8B4A-11D0-8D11-00A0C91BC942}") = "3270_find_the_key_of_the_numbers", "3270_find_the_key_of_the_numbers\3270_find_the_key_of_the_numbers.vcxproj", "{E2677252-8898-41A8-9421-2BEF83A91D86}"
EndProject
Project("{8BC9CEB8-8B4A-11D0-8D11-00A0C91BC942}") = "3274_check_if_two_chessboard_squares_have_the_same_color", "3274_check_if_two_chessboard_squares_have_the_same_color\3274_check_if_two_chessboard_squares_have_the_same_color.vcxproj", "{9A4EE3C0-F392-49C7-9728-B8890374A940}"
EndProject
Project("{8BC9CEB8-8B4A-11D0-8D11-00A0C91BC942}") = "2220_minimum_bit_flips_to_convert_number", "2220_minimum_bit_flips_to_convert_number\2220_minimum_bit_flips_to_convert_number.vcxproj", "{70A51A6F-20E0-473E-A641-19BF94902283}"
EndProject
Project("{8BC9CEB8-8B4A-11D0-8D11-00A0C91BC942}") = "1684_count_the_number_of_consistent_strings", "1684_count_the_number_of_consistent_strings\1684_count_the_number_of_consistent_strings.vcxproj", "{50CEB748-C4C1-4EEF-BFAB-EFCE70634266}"
EndProject
Project("{8BC9CEB8-8B4A-11D0-8D11-00A0C91BC942}") = "1310_xor_queries_of_a_subarray", "1310_xor_queries_of_a_subarray\1310_xor_queries_of_a_subarray.vcxproj", "{A8ACB66A-E7B1-429A-81A8-E5F6E521F909}"
EndProject
Project("{8BC9CEB8-8B4A-11D0-8D11-00A0C91BC942}") = "2419_longest_subarray_with_maximum_bitwise_and", "2419_longest_subarray_with_maximum_bitwise_and\2419_longest_subarray_with_maximum_bitwise_and.vcxproj", "{7B0F8308-9F8B-484D-94CB-2DCC3E629625}"
EndProject
Project("{8BC9CEB8-8B4A-11D0-8D11-00A0C91BC942}") = "539_minimum_time_difference", "539_minimum_time_difference\539_minimum_time_difference.vcxproj", "{229CEE32-E46C-4780-9C12-E308A18469D3}"
EndProject
Project("{8BC9CEB8-8B4A-11D0-8D11-00A0C91BC942}") = "884_uncommon_words_from_two_sentences", "884_uncommon_words_from_two_sentences\884_uncommon_words_from_two_sentences.vcxproj", "{AE4EC706-1B83-4C83-AA1C-05A2A3B7C18D}"
EndProject
Project("{8BC9CEB8-8B4A-11D0-8D11-00A0C91BC942}") = "179_largest_number", "179_largest_number\179_largest_number.vcxproj", "{886D1592-B19A-419D-8C5A-6F7FBE61B058}"
EndProject
Project("{8BC9CEB8-8B4A-11D0-8D11-00A0C91BC942}") = "241_different_ways_to_add_parentheses", "241_different_ways_to_add_parentheses\241_different_ways_to_add_parentheses.vcxproj", "{9A09EEE1-046D-4B87-B29E-A6FA6A31634D}"
EndProject
Project("{8BC9CEB8-8B4A-11D0-8D11-00A0C91BC942}") = "9_palindrome_number", "9_palindrome_number\9_palindrome_number.vcxproj", "{B698F994-AAFD-483E-B2A0-301925AE61ED}"
EndProject
Project("{8BC9CEB8-8B4A-11D0-8D11-00A0C91BC942}") = "214_shortest_palindrome", "214_shortest_palindrome\214_shortest_palindrome.vcxproj", "{69EA794F-38E0-4427-8F64-9444A3604B39}"
EndProject
Project("{8BC9CEB8-8B4A-11D0-8D11-00A0C91BC942}") = "386_lexicographical_numbers", "386_lexicographical_numbers\386_lexicographical_numbers.vcxproj", "{9AF30B80-51FF-4FE0-AD31-2A19304E6ADA}"
EndProject
Project("{8BC9CEB8-8B4A-11D0-8D11-00A0C91BC942}") = "440_kth_smallest_in_lexicographical_order", "440_kth_smallest_in_lexicographical_order\440_kth_smallest_in_lexicographical_order.vcxproj", "{D081E227-FDC3-49D7-B7E1-A3898E808373}"
EndProject
Project("{8BC9CEB8-8B4A-11D0-8D11-00A0C91BC942}") = "2707_extra_characters_in_a_string", "2707_extra_characters_in_a_string\2707_extra_characters_in_a_string.vcxproj", "{CC7DBF2D-65E2-46AC-81CF-47887B905084}"
EndProject
Project("{8BC9CEB8-8B4A-11D0-8D11-00A0C91BC942}") = "3043_find_the_length_of_the_longest_common_prefix", "3043_find_the_length_of_the_longest_common_prefix\3043_find_the_length_of_the_longest_common_prefix.vcxproj", "{576D7061-802E-4073-BA12-65B620CC958D}"
EndProject
Project("{8BC9CEB8-8B4A-11D0-8D11-00A0C91BC942}") = "2416_sum_of_prefix_scores_of_strings", "2416_sum_of_prefix_scores_of_strings\2416_sum_of_prefix_scores_of_strings.vcxproj", "{5C254D7A-5EE6-4CC9-B4E4-41DFAC690624}"
EndProject
Project("{8BC9CEB8-8B4A-11D0-8D11-00A0C91BC942}") = "729_my_calendar_I", "729_my_calendar_I\729_my_calendar_I.vcxproj", "{6EBBA82B-4680-47FE-8F06-88D788146B0C}"
EndProject
Project("{8BC9CEB8-8B4A-11D0-8D11-00A0C91BC942}") = "731_my_calendar_II", "731_my_calendar_II\731_my_calendar_II.vcxproj", "{F6953213-F81D-46CD-80D3-6B150958456B}"
EndProject
Project("{8BC9CEB8-8B4A-11D0-8D11-00A0C91BC942}") = "641_design_circular_deque", "641_design_circular_deque\641_design_circular_deque.vcxproj", "{5AC0F7D3-115E-47BA-9EFF-B5BD40AB3044}"
EndProject
Project("{8BC9CEB8-8B4A-11D0-8D11-00A0C91BC942}") = "432_all_o_one_data_structure", "432_all_o_one_data_structure\432_all_o_one_data_structure.vcxproj", "{3C28E689-8F54-4B77-9F16-5AB4638DC4EF}"
EndProject
Project("{8BC9CEB8-8B4A-11D0-8D11-00A0C91BC942}") = "1479_check_if_array_pairs_are_divisible_by_k", "1479_check_if_array_pairs_are_divisible_by_k\1479_check_if_array_pairs_are_divisible_by_k.vcxproj", "{15AE157E-BAFF-4CA4-ABE4-4AABDA708C4F}"
EndProject
Project("{8BC9CEB8-8B4A-11D0-8D11-00A0C91BC942}") = "1331_rank_transform_of_an_array", "1331_rank_transform_of_an_array\1331_rank_transform_of_an_array.vcxproj", "{A57E195B-928A-4083-B975-712DD16F1C2B}"
EndProject
Project("{8BC9CEB8-8B4A-11D0-8D11-00A0C91BC942}") = "1590_make_sum_divisible_by_p", "1590_make_sum_divisible_by_p\1590_make_sum_divisible_by_p.vcxproj", "{538261B9-7798-496E-9329-5534AF82D479}"
EndProject
Project("{8BC9CEB8-8B4A-11D0-8D11-00A0C91BC942}") = "567_permatation_in_string", "567_permatation_in_string\567_permatation_in_string.vcxproj", "{FA4D0F7E-A10D-47D5-9852-0753F2EF692A}"
EndProject
Project("{8BC9CEB8-8B4A-11D0-8D11-00A0C91BC942}") = "1813_sentence_similarity_III", "1813_sentence_similarity_III\1813_sentence_similarity_III.vcxproj", "{F0AD3CC4-904B-4016-A6BC-8E1D19A323CB}"
EndProject
Project("{8BC9CEB8-8B4A-11D0-8D11-00A0C91BC942}") = "2696_minimum_string_length_after_removing_substrings", "2696_minimum_string_length_after_removing_substrings\2696_minimum_string_length_after_removing_substrings.vcxproj", "{C991204B-6EAE-40B8-81CF-E9D1D4EC0693}"
EndProject
Project("{8BC9CEB8-8B4A-11D0-8D11-00A0C91BC942}") = "1963_minimum_number_of_swaps_to_make_the_string_balanced", "1963_minimum_number_of_swaps_to_make_the_string_balanced\1963_minimum_number_of_swaps_to_make_the_string_balanced.vcxproj", "{FC4E12B9-63B0-40F7-B757-4A6B3FAE3244}"
EndProject
Project("{8BC9CEB8-8B4A-11D0-8D11-00A0C91BC942}") = "921_minimum_add_to_make_parenthesis_valid", "921_minimum_add_to_make_parenthesis_valid\921_minimum_add_to_make_parenthesis_valid.vcxproj", "{F73DC282-FF38-4514-991F-900E3F4A4C24}"
EndProject
Project("{8BC9CEB8-8B4A-11D0-8D11-00A0C91BC942}") = "566_reshape_the_matrix", "566_reshape_the_matrix\566_reshape_the_matrix.vcxproj", "{824EA09D-1AAD-459C-86D0-0967D652C690}"
EndProject
Project("{8BC9CEB8-8B4A-11D0-8D11-00A0C91BC942}") = "962_maximum_width_ramp", "962_maximum_width_ramp\962_maximum_width_ramp.vcxproj", "{A8F0DBCE-C0D5-4C52-9972-4100DAB190E9}"
EndProject
Project("{8BC9CEB8-8B4A-11D0-8D11-00A0C91BC942}") = "1942_the_number_of_the_smallest_unoccupied_chair", "1942_the_number_of_the_smallest_unoccupied_chair\1942_the_number_of_the_smallest_unoccupied_chair.vcxproj", "{A51F4C01-D831-4FE3-9B08-519AFC5F0661}"
EndProject
Project("{8BC9CEB8-8B4A-11D0-8D11-00A0C91BC942}") = "1827_minimum_operations_to_make_the_array_increasing", "1827_minimum_operations_to_make_the_array_increasing\1827_minimum_operations_to_make_the_array_increasing.vcxproj", "{E415D0E4-EC8A-4432-9964-0BE9FEB38919}"
EndProject
Project("{8BC9CEB8-8B4A-11D0-8D11-00A0C91BC942}") = "2406_divide_intervals_into_minimum_number_of_groups", "2406_divide_intervals_into_minimum_number_of_groups\2406_divide_intervals_into_minimum_number_of_groups.vcxproj", "{DB82B30B-5252-4D87-B522-A9F6D0EEDB18}"
EndProject
Project("{8BC9CEB8-8B4A-11D0-8D11-00A0C91BC942}") = "632_smallest_range_covering_elements_from_k_lists", "632_smallest_range_covering_elements_from_k_lists\632_smallest_range_covering_elements_from_k_lists.vcxproj", "{75D06A2D-2E66-4D2B-B521-E91284105AA7}"
EndProject
Project("{8BC9CEB8-8B4A-11D0-8D11-00A0C91BC942}") = "2530_maximal_score_after_applying_k_operations", "2530_maximal_score_after_applying_k_operations\2530_maximal_score_after_applying_k_operations.vcxproj", "{C88E83B2-12C9-41CB-B013-01C17C1AFD82}"
EndProject
Project("{8BC9CEB8-8B4A-11D0-8D11-00A0C91BC942}") = "2938_separate_black_and_white_balls", "2938_separate_black_and_white_balls\2938_separate_black_and_white_balls.vcxproj", "{32273C98-DA3E-4F01-B4CE-BC0576BFA32A}"
EndProject
Project("{8BC9CEB8-8B4A-11D0-8D11-00A0C91BC942}") = "1405_longest_happy_string", "1405_longest_happy_string\1405_longest_happy_string.vcxproj", "{FA499605-5BD7-437A-9FBA-9FE3A4DEBA10}"
EndProject
Project("{8BC9CEB8-8B4A-11D0-8D11-00A0C91BC942}") = "2583_kth_largest_sum_in_a_binary_tree", "2583_kth_largest_sum_in_a_binary_tree\2583_kth_largest_sum_in_a_binary_tree.vcxproj", "{72C63828-3FFE-473A-973B-6BEF5D568F0B}"
EndProject
Project("{8BC9CEB8-8B4A-11D0-8D11-00A0C91BC942}") = "2641_cousins_in_binary_tree_II", "2641_cousins_in_binary_tree_II\2641_cousins_in_binary_tree_II.vcxproj", "{42B6C4E9-F585-48D1-BD6E-95C4CAD82171}"
EndProject
Project("{8BC9CEB8-8B4A-11D0-8D11-00A0C91BC942}") = "951_flip_equivalent_binary_trees", "951_flip_equivalent_binary_trees\951_flip_equivalent_binary_trees.vcxproj", "{BE3CF481-4074-49DE-844B-9C99E4BD3DA2}"
EndProject
Project("{8BC9CEB8-8B4A-11D0-8D11-00A0C91BC942}") = "1233_remove_sub_folders_from_the_filesystem", "1233_remove_sub_folders_from_the_filesystem\1233_remove_sub_folders_from_the_filesystem.vcxproj", "{72A1769E-2C51-4B41-AFF5-7595B85092DE}"
EndProject
Project("{8BC9CEB8-8B4A-11D0-8D11-00A0C91BC942}") = "2458_height_of_binary_tree_after_subtree_removal_queries", "2458_height_of_binary_tree_after_subtree_removal_queries\2458_height_of_binary_tree_after_subtree_removal_queries.vcxproj", "{8DABB662-1D92-4C6F-82B0-338EA492D546}"
EndProject
Project("{8BC9CEB8-8B4A-11D0-8D11-00A0C91BC942}") = "1277_count_square_submatrices_with_all_ones", "1277_count_square_submatrices_with_all_ones\1277_count_square_submatrices_with_all_ones.vcxproj", "{3AB5E600-83F2-4EC0-BDE9-BE17598276EE}"
EndProject
Project("{8BC9CEB8-8B4A-11D0-8D11-00A0C91BC942}") = "2501_longest_square_sterak_in_an_array", "2501_longest_square_sterak_in_an_array\2501_longest_square_sterak_in_an_array.vcxproj", "{728AF2BC-51A0-4076-82F7-927525CCAB1B}"
EndProject
Project("{8BC9CEB8-8B4A-11D0-8D11-00A0C91BC942}") = "2684_maximum_number_of_moves_in_a_grid", "2684_maximum_number_of_moves_in_a_grid\2684_maximum_number_of_moves_in_a_grid.vcxproj", "{8D0A7ECC-E0B2-48AE-9930-A464486E8015}"
EndProject
Project("{8BC9CEB8-8B4A-11D0-8D11-00A0C91BC942}") = "1671_minimum_number_of_removals_to_make_mountain_array", "1671_minimum_number_of_removals_to_make_mountain_array\1671_minimum_number_of_removals_to_make_mountain_array.vcxproj", "{4C565DAE-682E-4D35-A1DF-00A77DC0284D}"
EndProject
Project("{8BC9CEB8-8B4A-11D0-8D11-00A0C91BC942}") = "2463_minimum_total_distance_traveled", "2463_minimum_total_distance_traveled\2463_minimum_total_distance_traveled.vcxproj", "{278347E1-78D1-4FAD-86FA-AD4CD9AB7908}"
EndProject
Project("{8BC9CEB8-8B4A-11D0-8D11-00A0C91BC942}") = "1957_delete_characters_to_make_fancy_string", "1957_delete_characters_to_make_fancy_string\1957_delete_characters_to_make_fancy_string.vcxproj", "{7F3A57AC-D9B6-4271-BBC2-F9E806C69C48}"
EndProject
Project("{8BC9CEB8-8B4A-11D0-8D11-00A0C91BC942}") = "2490_circular_sentence", "2490_circular_sentence\2490_circular_sentence.vcxproj", "{08D7388B-7DDF-4704-9760-FAE58E0D881B}"
EndProject
Project("{8BC9CEB8-8B4A-11D0-8D11-00A0C91BC942}") = "796_rotate_string", "796_rotate_string\796_rotate_string.vcxproj", "{141F94F3-5526-4FD1-A6DD-0A6ECC2A1B63}"
EndProject
Project("{8BC9CEB8-8B4A-11D0-8D11-00A0C91BC942}") = "3163_string_compression_III", "3163_string_compression_III\3163_string_compression_III.vcxproj", "{C0E36A14-4E2F-4FEC-BE95-9293CBA54FBD}"
EndProject
Project("{8BC9CEB8-8B4A-11D0-8D11-00A0C91BC942}") = "2914_minimum_number_of_changes_to_make_binary_string_beautiful", "2914_minimum_number_of_changes_to_make_binary_string_beautiful\2914_minimum_number_of_changes_to_make_binary_string_beautiful.vcxproj", "{CD14ECC9-3C69-437C-8254-BC244B11999A}"
EndProject
Global
	GlobalSection(SolutionConfigurationPlatforms) = preSolution
		Debug|x64 = Debug|x64
		Debug|x86 = Debug|x86
		Release|x64 = Release|x64
		Release|x86 = Release|x86
	EndGlobalSection
	GlobalSection(ProjectConfigurationPlatforms) = postSolution
		{E1DC369D-CBD1-4D24-9B3F-10CB31A9DE31}.Debug|x64.ActiveCfg = Debug|x64
		{E1DC369D-CBD1-4D24-9B3F-10CB31A9DE31}.Debug|x64.Build.0 = Debug|x64
		{E1DC369D-CBD1-4D24-9B3F-10CB31A9DE31}.Debug|x86.ActiveCfg = Debug|Win32
		{E1DC369D-CBD1-4D24-9B3F-10CB31A9DE31}.Debug|x86.Build.0 = Debug|Win32
		{E1DC369D-CBD1-4D24-9B3F-10CB31A9DE31}.Release|x64.ActiveCfg = Release|x64
		{E1DC369D-CBD1-4D24-9B3F-10CB31A9DE31}.Release|x64.Build.0 = Release|x64
		{E1DC369D-CBD1-4D24-9B3F-10CB31A9DE31}.Release|x86.ActiveCfg = Release|Win32
		{E1DC369D-CBD1-4D24-9B3F-10CB31A9DE31}.Release|x86.Build.0 = Release|Win32
		{19002D8E-C50A-44D7-BA69-4A28BA5E6C66}.Debug|x64.ActiveCfg = Debug|x64
		{19002D8E-C50A-44D7-BA69-4A28BA5E6C66}.Debug|x64.Build.0 = Debug|x64
		{19002D8E-C50A-44D7-BA69-4A28BA5E6C66}.Debug|x86.ActiveCfg = Debug|Win32
		{19002D8E-C50A-44D7-BA69-4A28BA5E6C66}.Debug|x86.Build.0 = Debug|Win32
		{19002D8E-C50A-44D7-BA69-4A28BA5E6C66}.Release|x64.ActiveCfg = Release|x64
		{19002D8E-C50A-44D7-BA69-4A28BA5E6C66}.Release|x64.Build.0 = Release|x64
		{19002D8E-C50A-44D7-BA69-4A28BA5E6C66}.Release|x86.ActiveCfg = Release|Win32
		{19002D8E-C50A-44D7-BA69-4A28BA5E6C66}.Release|x86.Build.0 = Release|Win32
		{DA43C68F-A005-485D-BA00-A15DA0CCB4F5}.Debug|x64.ActiveCfg = Debug|x64
		{DA43C68F-A005-485D-BA00-A15DA0CCB4F5}.Debug|x64.Build.0 = Debug|x64
		{DA43C68F-A005-485D-BA00-A15DA0CCB4F5}.Debug|x86.ActiveCfg = Debug|Win32
		{DA43C68F-A005-485D-BA00-A15DA0CCB4F5}.Debug|x86.Build.0 = Debug|Win32
		{DA43C68F-A005-485D-BA00-A15DA0CCB4F5}.Release|x64.ActiveCfg = Release|x64
		{DA43C68F-A005-485D-BA00-A15DA0CCB4F5}.Release|x64.Build.0 = Release|x64
		{DA43C68F-A005-485D-BA00-A15DA0CCB4F5}.Release|x86.ActiveCfg = Release|Win32
		{DA43C68F-A005-485D-BA00-A15DA0CCB4F5}.Release|x86.Build.0 = Release|Win32
		{3EF3EAF5-B03A-48D5-8B58-2FD404A4112C}.Debug|x64.ActiveCfg = Debug|x64
		{3EF3EAF5-B03A-48D5-8B58-2FD404A4112C}.Debug|x64.Build.0 = Debug|x64
		{3EF3EAF5-B03A-48D5-8B58-2FD404A4112C}.Debug|x86.ActiveCfg = Debug|Win32
		{3EF3EAF5-B03A-48D5-8B58-2FD404A4112C}.Debug|x86.Build.0 = Debug|Win32
		{3EF3EAF5-B03A-48D5-8B58-2FD404A4112C}.Release|x64.ActiveCfg = Release|x64
		{3EF3EAF5-B03A-48D5-8B58-2FD404A4112C}.Release|x64.Build.0 = Release|x64
		{3EF3EAF5-B03A-48D5-8B58-2FD404A4112C}.Release|x86.ActiveCfg = Release|Win32
		{3EF3EAF5-B03A-48D5-8B58-2FD404A4112C}.Release|x86.Build.0 = Release|Win32
		{20C347FD-B868-48C5-9DEA-F68AB81394AD}.Debug|x64.ActiveCfg = Debug|x64
		{20C347FD-B868-48C5-9DEA-F68AB81394AD}.Debug|x64.Build.0 = Debug|x64
		{20C347FD-B868-48C5-9DEA-F68AB81394AD}.Debug|x86.ActiveCfg = Debug|Win32
		{20C347FD-B868-48C5-9DEA-F68AB81394AD}.Debug|x86.Build.0 = Debug|Win32
		{20C347FD-B868-48C5-9DEA-F68AB81394AD}.Release|x64.ActiveCfg = Release|x64
		{20C347FD-B868-48C5-9DEA-F68AB81394AD}.Release|x64.Build.0 = Release|x64
		{20C347FD-B868-48C5-9DEA-F68AB81394AD}.Release|x86.ActiveCfg = Release|Win32
		{20C347FD-B868-48C5-9DEA-F68AB81394AD}.Release|x86.Build.0 = Release|Win32
		{89A5091E-9CFA-4585-BBFD-90D290EF68B3}.Debug|x64.ActiveCfg = Debug|x64
		{89A5091E-9CFA-4585-BBFD-90D290EF68B3}.Debug|x64.Build.0 = Debug|x64
		{89A5091E-9CFA-4585-BBFD-90D290EF68B3}.Debug|x86.ActiveCfg = Debug|Win32
		{89A5091E-9CFA-4585-BBFD-90D290EF68B3}.Debug|x86.Build.0 = Debug|Win32
		{89A5091E-9CFA-4585-BBFD-90D290EF68B3}.Release|x64.ActiveCfg = Release|x64
		{89A5091E-9CFA-4585-BBFD-90D290EF68B3}.Release|x64.Build.0 = Release|x64
		{89A5091E-9CFA-4585-BBFD-90D290EF68B3}.Release|x86.ActiveCfg = Release|Win32
		{89A5091E-9CFA-4585-BBFD-90D290EF68B3}.Release|x86.Build.0 = Release|Win32
		{0DF974AE-A150-4CC3-8877-822ED686B5BD}.Debug|x64.ActiveCfg = Debug|x64
		{0DF974AE-A150-4CC3-8877-822ED686B5BD}.Debug|x64.Build.0 = Debug|x64
		{0DF974AE-A150-4CC3-8877-822ED686B5BD}.Debug|x86.ActiveCfg = Debug|Win32
		{0DF974AE-A150-4CC3-8877-822ED686B5BD}.Debug|x86.Build.0 = Debug|Win32
		{0DF974AE-A150-4CC3-8877-822ED686B5BD}.Release|x64.ActiveCfg = Release|x64
		{0DF974AE-A150-4CC3-8877-822ED686B5BD}.Release|x64.Build.0 = Release|x64
		{0DF974AE-A150-4CC3-8877-822ED686B5BD}.Release|x86.ActiveCfg = Release|Win32
		{0DF974AE-A150-4CC3-8877-822ED686B5BD}.Release|x86.Build.0 = Release|Win32
		{16B0490B-77C0-4802-8BBA-AB60B3555A4D}.Debug|x64.ActiveCfg = Debug|x64
		{16B0490B-77C0-4802-8BBA-AB60B3555A4D}.Debug|x64.Build.0 = Debug|x64
		{16B0490B-77C0-4802-8BBA-AB60B3555A4D}.Debug|x86.ActiveCfg = Debug|Win32
		{16B0490B-77C0-4802-8BBA-AB60B3555A4D}.Debug|x86.Build.0 = Debug|Win32
		{16B0490B-77C0-4802-8BBA-AB60B3555A4D}.Release|x64.ActiveCfg = Release|x64
		{16B0490B-77C0-4802-8BBA-AB60B3555A4D}.Release|x64.Build.0 = Release|x64
		{16B0490B-77C0-4802-8BBA-AB60B3555A4D}.Release|x86.ActiveCfg = Release|Win32
		{16B0490B-77C0-4802-8BBA-AB60B3555A4D}.Release|x86.Build.0 = Release|Win32
		{F4159F1B-08A3-4906-A946-E89F40963EBB}.Debug|x64.ActiveCfg = Debug|x64
		{F4159F1B-08A3-4906-A946-E89F40963EBB}.Debug|x64.Build.0 = Debug|x64
		{F4159F1B-08A3-4906-A946-E89F40963EBB}.Debug|x86.ActiveCfg = Debug|Win32
		{F4159F1B-08A3-4906-A946-E89F40963EBB}.Debug|x86.Build.0 = Debug|Win32
		{F4159F1B-08A3-4906-A946-E89F40963EBB}.Release|x64.ActiveCfg = Release|x64
		{F4159F1B-08A3-4906-A946-E89F40963EBB}.Release|x64.Build.0 = Release|x64
		{F4159F1B-08A3-4906-A946-E89F40963EBB}.Release|x86.ActiveCfg = Release|Win32
		{F4159F1B-08A3-4906-A946-E89F40963EBB}.Release|x86.Build.0 = Release|Win32
		{0815C419-44EF-40C0-ADC2-DEACC6FFC29C}.Debug|x64.ActiveCfg = Debug|x64
		{0815C419-44EF-40C0-ADC2-DEACC6FFC29C}.Debug|x64.Build.0 = Debug|x64
		{0815C419-44EF-40C0-ADC2-DEACC6FFC29C}.Debug|x86.ActiveCfg = Debug|Win32
		{0815C419-44EF-40C0-ADC2-DEACC6FFC29C}.Debug|x86.Build.0 = Debug|Win32
		{0815C419-44EF-40C0-ADC2-DEACC6FFC29C}.Release|x64.ActiveCfg = Release|x64
		{0815C419-44EF-40C0-ADC2-DEACC6FFC29C}.Release|x64.Build.0 = Release|x64
		{0815C419-44EF-40C0-ADC2-DEACC6FFC29C}.Release|x86.ActiveCfg = Release|Win32
		{0815C419-44EF-40C0-ADC2-DEACC6FFC29C}.Release|x86.Build.0 = Release|Win32
		{F26A3E79-A645-4EFE-8993-E3ACAD5AABF3}.Debug|x64.ActiveCfg = Debug|x64
		{F26A3E79-A645-4EFE-8993-E3ACAD5AABF3}.Debug|x64.Build.0 = Debug|x64
		{F26A3E79-A645-4EFE-8993-E3ACAD5AABF3}.Debug|x86.ActiveCfg = Debug|Win32
		{F26A3E79-A645-4EFE-8993-E3ACAD5AABF3}.Debug|x86.Build.0 = Debug|Win32
		{F26A3E79-A645-4EFE-8993-E3ACAD5AABF3}.Release|x64.ActiveCfg = Release|x64
		{F26A3E79-A645-4EFE-8993-E3ACAD5AABF3}.Release|x64.Build.0 = Release|x64
		{F26A3E79-A645-4EFE-8993-E3ACAD5AABF3}.Release|x86.ActiveCfg = Release|Win32
		{F26A3E79-A645-4EFE-8993-E3ACAD5AABF3}.Release|x86.Build.0 = Release|Win32
		{5B87C945-944D-41B6-9809-A1A9388FCAB8}.Debug|x64.ActiveCfg = Debug|x64
		{5B87C945-944D-41B6-9809-A1A9388FCAB8}.Debug|x64.Build.0 = Debug|x64
		{5B87C945-944D-41B6-9809-A1A9388FCAB8}.Debug|x86.ActiveCfg = Debug|Win32
		{5B87C945-944D-41B6-9809-A1A9388FCAB8}.Debug|x86.Build.0 = Debug|Win32
		{5B87C945-944D-41B6-9809-A1A9388FCAB8}.Release|x64.ActiveCfg = Release|x64
		{5B87C945-944D-41B6-9809-A1A9388FCAB8}.Release|x64.Build.0 = Release|x64
		{5B87C945-944D-41B6-9809-A1A9388FCAB8}.Release|x86.ActiveCfg = Release|Win32
		{5B87C945-944D-41B6-9809-A1A9388FCAB8}.Release|x86.Build.0 = Release|Win32
		{10CD2554-FB07-45F6-91F7-16544BA65EB1}.Debug|x64.ActiveCfg = Debug|x64
		{10CD2554-FB07-45F6-91F7-16544BA65EB1}.Debug|x64.Build.0 = Debug|x64
		{10CD2554-FB07-45F6-91F7-16544BA65EB1}.Debug|x86.ActiveCfg = Debug|Win32
		{10CD2554-FB07-45F6-91F7-16544BA65EB1}.Debug|x86.Build.0 = Debug|Win32
		{10CD2554-FB07-45F6-91F7-16544BA65EB1}.Release|x64.ActiveCfg = Release|x64
		{10CD2554-FB07-45F6-91F7-16544BA65EB1}.Release|x64.Build.0 = Release|x64
		{10CD2554-FB07-45F6-91F7-16544BA65EB1}.Release|x86.ActiveCfg = Release|Win32
		{10CD2554-FB07-45F6-91F7-16544BA65EB1}.Release|x86.Build.0 = Release|Win32
		{ADB144CC-E735-440A-8E0B-42BECE5F2452}.Debug|x64.ActiveCfg = Debug|x64
		{ADB144CC-E735-440A-8E0B-42BECE5F2452}.Debug|x64.Build.0 = Debug|x64
		{ADB144CC-E735-440A-8E0B-42BECE5F2452}.Debug|x86.ActiveCfg = Debug|Win32
		{ADB144CC-E735-440A-8E0B-42BECE5F2452}.Debug|x86.Build.0 = Debug|Win32
		{ADB144CC-E735-440A-8E0B-42BECE5F2452}.Release|x64.ActiveCfg = Release|x64
		{ADB144CC-E735-440A-8E0B-42BECE5F2452}.Release|x64.Build.0 = Release|x64
		{ADB144CC-E735-440A-8E0B-42BECE5F2452}.Release|x86.ActiveCfg = Release|Win32
		{ADB144CC-E735-440A-8E0B-42BECE5F2452}.Release|x86.Build.0 = Release|Win32
		{A26D4E13-4B36-40FF-B774-BB8C8DAF0E43}.Debug|x64.ActiveCfg = Debug|x64
		{A26D4E13-4B36-40FF-B774-BB8C8DAF0E43}.Debug|x64.Build.0 = Debug|x64
		{A26D4E13-4B36-40FF-B774-BB8C8DAF0E43}.Debug|x86.ActiveCfg = Debug|Win32
		{A26D4E13-4B36-40FF-B774-BB8C8DAF0E43}.Debug|x86.Build.0 = Debug|Win32
		{A26D4E13-4B36-40FF-B774-BB8C8DAF0E43}.Release|x64.ActiveCfg = Release|x64
		{A26D4E13-4B36-40FF-B774-BB8C8DAF0E43}.Release|x64.Build.0 = Release|x64
		{A26D4E13-4B36-40FF-B774-BB8C8DAF0E43}.Release|x86.ActiveCfg = Release|Win32
		{A26D4E13-4B36-40FF-B774-BB8C8DAF0E43}.Release|x86.Build.0 = Release|Win32
		{E59C3F56-E40A-41AF-86DF-1AE954669DCD}.Debug|x64.ActiveCfg = Debug|x64
		{E59C3F56-E40A-41AF-86DF-1AE954669DCD}.Debug|x64.Build.0 = Debug|x64
		{E59C3F56-E40A-41AF-86DF-1AE954669DCD}.Debug|x86.ActiveCfg = Debug|Win32
		{E59C3F56-E40A-41AF-86DF-1AE954669DCD}.Debug|x86.Build.0 = Debug|Win32
		{E59C3F56-E40A-41AF-86DF-1AE954669DCD}.Release|x64.ActiveCfg = Release|x64
		{E59C3F56-E40A-41AF-86DF-1AE954669DCD}.Release|x64.Build.0 = Release|x64
		{E59C3F56-E40A-41AF-86DF-1AE954669DCD}.Release|x86.ActiveCfg = Release|Win32
		{E59C3F56-E40A-41AF-86DF-1AE954669DCD}.Release|x86.Build.0 = Release|Win32
		{3984F03C-C0DC-4F21-A3CB-6D0F520F9B1D}.Debug|x64.ActiveCfg = Debug|x64
		{3984F03C-C0DC-4F21-A3CB-6D0F520F9B1D}.Debug|x64.Build.0 = Debug|x64
		{3984F03C-C0DC-4F21-A3CB-6D0F520F9B1D}.Debug|x86.ActiveCfg = Debug|Win32
		{3984F03C-C0DC-4F21-A3CB-6D0F520F9B1D}.Debug|x86.Build.0 = Debug|Win32
		{3984F03C-C0DC-4F21-A3CB-6D0F520F9B1D}.Release|x64.ActiveCfg = Release|x64
		{3984F03C-C0DC-4F21-A3CB-6D0F520F9B1D}.Release|x64.Build.0 = Release|x64
		{3984F03C-C0DC-4F21-A3CB-6D0F520F9B1D}.Release|x86.ActiveCfg = Release|Win32
		{3984F03C-C0DC-4F21-A3CB-6D0F520F9B1D}.Release|x86.Build.0 = Release|Win32
		{1BB7A640-545A-4F36-8490-1DFE9D7DDE5D}.Debug|x64.ActiveCfg = Debug|x64
		{1BB7A640-545A-4F36-8490-1DFE9D7DDE5D}.Debug|x64.Build.0 = Debug|x64
		{1BB7A640-545A-4F36-8490-1DFE9D7DDE5D}.Debug|x86.ActiveCfg = Debug|Win32
		{1BB7A640-545A-4F36-8490-1DFE9D7DDE5D}.Debug|x86.Build.0 = Debug|Win32
		{1BB7A640-545A-4F36-8490-1DFE9D7DDE5D}.Release|x64.ActiveCfg = Release|x64
		{1BB7A640-545A-4F36-8490-1DFE9D7DDE5D}.Release|x64.Build.0 = Release|x64
		{1BB7A640-545A-4F36-8490-1DFE9D7DDE5D}.Release|x86.ActiveCfg = Release|Win32
		{1BB7A640-545A-4F36-8490-1DFE9D7DDE5D}.Release|x86.Build.0 = Release|Win32
		{7C6D3BEF-8956-429F-82A7-94A36B185453}.Debug|x64.ActiveCfg = Debug|x64
		{7C6D3BEF-8956-429F-82A7-94A36B185453}.Debug|x64.Build.0 = Debug|x64
		{7C6D3BEF-8956-429F-82A7-94A36B185453}.Debug|x86.ActiveCfg = Debug|Win32
		{7C6D3BEF-8956-429F-82A7-94A36B185453}.Debug|x86.Build.0 = Debug|Win32
		{7C6D3BEF-8956-429F-82A7-94A36B185453}.Release|x64.ActiveCfg = Release|x64
		{7C6D3BEF-8956-429F-82A7-94A36B185453}.Release|x64.Build.0 = Release|x64
		{7C6D3BEF-8956-429F-82A7-94A36B185453}.Release|x86.ActiveCfg = Release|Win32
		{7C6D3BEF-8956-429F-82A7-94A36B185453}.Release|x86.Build.0 = Release|Win32
		{9BC02370-CCD2-4A7F-B77C-2ABAFC7A76F9}.Debug|x64.ActiveCfg = Debug|x64
		{9BC02370-CCD2-4A7F-B77C-2ABAFC7A76F9}.Debug|x64.Build.0 = Debug|x64
		{9BC02370-CCD2-4A7F-B77C-2ABAFC7A76F9}.Debug|x86.ActiveCfg = Debug|Win32
		{9BC02370-CCD2-4A7F-B77C-2ABAFC7A76F9}.Debug|x86.Build.0 = Debug|Win32
		{9BC02370-CCD2-4A7F-B77C-2ABAFC7A76F9}.Release|x64.ActiveCfg = Release|x64
		{9BC02370-CCD2-4A7F-B77C-2ABAFC7A76F9}.Release|x64.Build.0 = Release|x64
		{9BC02370-CCD2-4A7F-B77C-2ABAFC7A76F9}.Release|x86.ActiveCfg = Release|Win32
		{9BC02370-CCD2-4A7F-B77C-2ABAFC7A76F9}.Release|x86.Build.0 = Release|Win32
		{A655CF9E-2D68-47A6-B4D9-17987E04D2B1}.Debug|x64.ActiveCfg = Debug|x64
		{A655CF9E-2D68-47A6-B4D9-17987E04D2B1}.Debug|x64.Build.0 = Debug|x64
		{A655CF9E-2D68-47A6-B4D9-17987E04D2B1}.Debug|x86.ActiveCfg = Debug|Win32
		{A655CF9E-2D68-47A6-B4D9-17987E04D2B1}.Debug|x86.Build.0 = Debug|Win32
		{A655CF9E-2D68-47A6-B4D9-17987E04D2B1}.Release|x64.ActiveCfg = Release|x64
		{A655CF9E-2D68-47A6-B4D9-17987E04D2B1}.Release|x64.Build.0 = Release|x64
		{A655CF9E-2D68-47A6-B4D9-17987E04D2B1}.Release|x86.ActiveCfg = Release|Win32
		{A655CF9E-2D68-47A6-B4D9-17987E04D2B1}.Release|x86.Build.0 = Release|Win32
		{7CBD970D-9D43-4DF7-9090-5D6334AC01C7}.Debug|x64.ActiveCfg = Debug|x64
		{7CBD970D-9D43-4DF7-9090-5D6334AC01C7}.Debug|x64.Build.0 = Debug|x64
		{7CBD970D-9D43-4DF7-9090-5D6334AC01C7}.Debug|x86.ActiveCfg = Debug|Win32
		{7CBD970D-9D43-4DF7-9090-5D6334AC01C7}.Debug|x86.Build.0 = Debug|Win32
		{7CBD970D-9D43-4DF7-9090-5D6334AC01C7}.Release|x64.ActiveCfg = Release|x64
		{7CBD970D-9D43-4DF7-9090-5D6334AC01C7}.Release|x64.Build.0 = Release|x64
		{7CBD970D-9D43-4DF7-9090-5D6334AC01C7}.Release|x86.ActiveCfg = Release|Win32
		{7CBD970D-9D43-4DF7-9090-5D6334AC01C7}.Release|x86.Build.0 = Release|Win32
		{DB3F5213-FEB7-4ABB-A751-4E074A8075CB}.Debug|x64.ActiveCfg = Debug|x64
		{DB3F5213-FEB7-4ABB-A751-4E074A8075CB}.Debug|x64.Build.0 = Debug|x64
		{DB3F5213-FEB7-4ABB-A751-4E074A8075CB}.Debug|x86.ActiveCfg = Debug|Win32
		{DB3F5213-FEB7-4ABB-A751-4E074A8075CB}.Debug|x86.Build.0 = Debug|Win32
		{DB3F5213-FEB7-4ABB-A751-4E074A8075CB}.Release|x64.ActiveCfg = Release|x64
		{DB3F5213-FEB7-4ABB-A751-4E074A8075CB}.Release|x64.Build.0 = Release|x64
		{DB3F5213-FEB7-4ABB-A751-4E074A8075CB}.Release|x86.ActiveCfg = Release|Win32
		{DB3F5213-FEB7-4ABB-A751-4E074A8075CB}.Release|x86.Build.0 = Release|Win32
		{488EE599-72B7-4A47-AE53-6585E1A0C782}.Debug|x64.ActiveCfg = Debug|x64
		{488EE599-72B7-4A47-AE53-6585E1A0C782}.Debug|x64.Build.0 = Debug|x64
		{488EE599-72B7-4A47-AE53-6585E1A0C782}.Debug|x86.ActiveCfg = Debug|Win32
		{488EE599-72B7-4A47-AE53-6585E1A0C782}.Debug|x86.Build.0 = Debug|Win32
		{488EE599-72B7-4A47-AE53-6585E1A0C782}.Release|x64.ActiveCfg = Release|x64
		{488EE599-72B7-4A47-AE53-6585E1A0C782}.Release|x64.Build.0 = Release|x64
		{488EE599-72B7-4A47-AE53-6585E1A0C782}.Release|x86.ActiveCfg = Release|Win32
		{488EE599-72B7-4A47-AE53-6585E1A0C782}.Release|x86.Build.0 = Release|Win32
		{FEA5787B-B711-41D3-8797-41177FEA1B7F}.Debug|x64.ActiveCfg = Debug|x64
		{FEA5787B-B711-41D3-8797-41177FEA1B7F}.Debug|x64.Build.0 = Debug|x64
		{FEA5787B-B711-41D3-8797-41177FEA1B7F}.Debug|x86.ActiveCfg = Debug|Win32
		{FEA5787B-B711-41D3-8797-41177FEA1B7F}.Debug|x86.Build.0 = Debug|Win32
		{FEA5787B-B711-41D3-8797-41177FEA1B7F}.Release|x64.ActiveCfg = Release|x64
		{FEA5787B-B711-41D3-8797-41177FEA1B7F}.Release|x64.Build.0 = Release|x64
		{FEA5787B-B711-41D3-8797-41177FEA1B7F}.Release|x86.ActiveCfg = Release|Win32
		{FEA5787B-B711-41D3-8797-41177FEA1B7F}.Release|x86.Build.0 = Release|Win32
		{20DA8AC9-1B64-47A1-84CB-125304B0E1EF}.Debug|x64.ActiveCfg = Debug|x64
		{20DA8AC9-1B64-47A1-84CB-125304B0E1EF}.Debug|x64.Build.0 = Debug|x64
		{20DA8AC9-1B64-47A1-84CB-125304B0E1EF}.Debug|x86.ActiveCfg = Debug|Win32
		{20DA8AC9-1B64-47A1-84CB-125304B0E1EF}.Debug|x86.Build.0 = Debug|Win32
		{20DA8AC9-1B64-47A1-84CB-125304B0E1EF}.Release|x64.ActiveCfg = Release|x64
		{20DA8AC9-1B64-47A1-84CB-125304B0E1EF}.Release|x64.Build.0 = Release|x64
		{20DA8AC9-1B64-47A1-84CB-125304B0E1EF}.Release|x86.ActiveCfg = Release|Win32
		{20DA8AC9-1B64-47A1-84CB-125304B0E1EF}.Release|x86.Build.0 = Release|Win32
		{B4E6AB21-D992-4546-A7E9-8C6CC0BB7488}.Debug|x64.ActiveCfg = Debug|x64
		{B4E6AB21-D992-4546-A7E9-8C6CC0BB7488}.Debug|x64.Build.0 = Debug|x64
		{B4E6AB21-D992-4546-A7E9-8C6CC0BB7488}.Debug|x86.ActiveCfg = Debug|Win32
		{B4E6AB21-D992-4546-A7E9-8C6CC0BB7488}.Debug|x86.Build.0 = Debug|Win32
		{B4E6AB21-D992-4546-A7E9-8C6CC0BB7488}.Release|x64.ActiveCfg = Release|x64
		{B4E6AB21-D992-4546-A7E9-8C6CC0BB7488}.Release|x64.Build.0 = Release|x64
		{B4E6AB21-D992-4546-A7E9-8C6CC0BB7488}.Release|x86.ActiveCfg = Release|Win32
		{B4E6AB21-D992-4546-A7E9-8C6CC0BB7488}.Release|x86.Build.0 = Release|Win32
		{7CE65E6B-26B4-4871-8A39-F9DA286937BA}.Debug|x64.ActiveCfg = Debug|x64
		{7CE65E6B-26B4-4871-8A39-F9DA286937BA}.Debug|x64.Build.0 = Debug|x64
		{7CE65E6B-26B4-4871-8A39-F9DA286937BA}.Debug|x86.ActiveCfg = Debug|Win32
		{7CE65E6B-26B4-4871-8A39-F9DA286937BA}.Debug|x86.Build.0 = Debug|Win32
		{7CE65E6B-26B4-4871-8A39-F9DA286937BA}.Release|x64.ActiveCfg = Release|x64
		{7CE65E6B-26B4-4871-8A39-F9DA286937BA}.Release|x64.Build.0 = Release|x64
		{7CE65E6B-26B4-4871-8A39-F9DA286937BA}.Release|x86.ActiveCfg = Release|Win32
		{7CE65E6B-26B4-4871-8A39-F9DA286937BA}.Release|x86.Build.0 = Release|Win32
		{239D00C7-1C61-4A25-BF77-70FCAB18D96B}.Debug|x64.ActiveCfg = Debug|x64
		{239D00C7-1C61-4A25-BF77-70FCAB18D96B}.Debug|x64.Build.0 = Debug|x64
		{239D00C7-1C61-4A25-BF77-70FCAB18D96B}.Debug|x86.ActiveCfg = Debug|Win32
		{239D00C7-1C61-4A25-BF77-70FCAB18D96B}.Debug|x86.Build.0 = Debug|Win32
		{239D00C7-1C61-4A25-BF77-70FCAB18D96B}.Release|x64.ActiveCfg = Release|x64
		{239D00C7-1C61-4A25-BF77-70FCAB18D96B}.Release|x64.Build.0 = Release|x64
		{239D00C7-1C61-4A25-BF77-70FCAB18D96B}.Release|x86.ActiveCfg = Release|Win32
		{239D00C7-1C61-4A25-BF77-70FCAB18D96B}.Release|x86.Build.0 = Release|Win32
		{1E7A474A-7ABE-4A57-8C0C-D627186DC87A}.Debug|x64.ActiveCfg = Debug|x64
		{1E7A474A-7ABE-4A57-8C0C-D627186DC87A}.Debug|x64.Build.0 = Debug|x64
		{1E7A474A-7ABE-4A57-8C0C-D627186DC87A}.Debug|x86.ActiveCfg = Debug|Win32
		{1E7A474A-7ABE-4A57-8C0C-D627186DC87A}.Debug|x86.Build.0 = Debug|Win32
		{1E7A474A-7ABE-4A57-8C0C-D627186DC87A}.Release|x64.ActiveCfg = Release|x64
		{1E7A474A-7ABE-4A57-8C0C-D627186DC87A}.Release|x64.Build.0 = Release|x64
		{1E7A474A-7ABE-4A57-8C0C-D627186DC87A}.Release|x86.ActiveCfg = Release|Win32
		{1E7A474A-7ABE-4A57-8C0C-D627186DC87A}.Release|x86.Build.0 = Release|Win32
		{79A1AB36-776E-42B4-9457-4A685E981D76}.Debug|x64.ActiveCfg = Debug|x64
		{79A1AB36-776E-42B4-9457-4A685E981D76}.Debug|x64.Build.0 = Debug|x64
		{79A1AB36-776E-42B4-9457-4A685E981D76}.Debug|x86.ActiveCfg = Debug|Win32
		{79A1AB36-776E-42B4-9457-4A685E981D76}.Debug|x86.Build.0 = Debug|Win32
		{79A1AB36-776E-42B4-9457-4A685E981D76}.Release|x64.ActiveCfg = Release|x64
		{79A1AB36-776E-42B4-9457-4A685E981D76}.Release|x64.Build.0 = Release|x64
		{79A1AB36-776E-42B4-9457-4A685E981D76}.Release|x86.ActiveCfg = Release|Win32
		{79A1AB36-776E-42B4-9457-4A685E981D76}.Release|x86.Build.0 = Release|Win32
		{BBFD5D89-B736-4CDF-B291-0341204A3424}.Debug|x64.ActiveCfg = Debug|x64
		{BBFD5D89-B736-4CDF-B291-0341204A3424}.Debug|x64.Build.0 = Debug|x64
		{BBFD5D89-B736-4CDF-B291-0341204A3424}.Debug|x86.ActiveCfg = Debug|Win32
		{BBFD5D89-B736-4CDF-B291-0341204A3424}.Debug|x86.Build.0 = Debug|Win32
		{BBFD5D89-B736-4CDF-B291-0341204A3424}.Release|x64.ActiveCfg = Release|x64
		{BBFD5D89-B736-4CDF-B291-0341204A3424}.Release|x64.Build.0 = Release|x64
		{BBFD5D89-B736-4CDF-B291-0341204A3424}.Release|x86.ActiveCfg = Release|Win32
		{BBFD5D89-B736-4CDF-B291-0341204A3424}.Release|x86.Build.0 = Release|Win32
		{E2677252-8898-41A8-9421-2BEF83A91D86}.Debug|x64.ActiveCfg = Debug|x64
		{E2677252-8898-41A8-9421-2BEF83A91D86}.Debug|x64.Build.0 = Debug|x64
		{E2677252-8898-41A8-9421-2BEF83A91D86}.Debug|x86.ActiveCfg = Debug|Win32
		{E2677252-8898-41A8-9421-2BEF83A91D86}.Debug|x86.Build.0 = Debug|Win32
		{E2677252-8898-41A8-9421-2BEF83A91D86}.Release|x64.ActiveCfg = Release|x64
		{E2677252-8898-41A8-9421-2BEF83A91D86}.Release|x64.Build.0 = Release|x64
		{E2677252-8898-41A8-9421-2BEF83A91D86}.Release|x86.ActiveCfg = Release|Win32
		{E2677252-8898-41A8-9421-2BEF83A91D86}.Release|x86.Build.0 = Release|Win32
		{9A4EE3C0-F392-49C7-9728-B8890374A940}.Debug|x64.ActiveCfg = Debug|x64
		{9A4EE3C0-F392-49C7-9728-B8890374A940}.Debug|x64.Build.0 = Debug|x64
		{9A4EE3C0-F392-49C7-9728-B8890374A940}.Debug|x86.ActiveCfg = Debug|Win32
		{9A4EE3C0-F392-49C7-9728-B8890374A940}.Debug|x86.Build.0 = Debug|Win32
		{9A4EE3C0-F392-49C7-9728-B8890374A940}.Release|x64.ActiveCfg = Release|x64
		{9A4EE3C0-F392-49C7-9728-B8890374A940}.Release|x64.Build.0 = Release|x64
		{9A4EE3C0-F392-49C7-9728-B8890374A940}.Release|x86.ActiveCfg = Release|Win32
		{9A4EE3C0-F392-49C7-9728-B8890374A940}.Release|x86.Build.0 = Release|Win32
		{70A51A6F-20E0-473E-A641-19BF94902283}.Debug|x64.ActiveCfg = Debug|x64
		{70A51A6F-20E0-473E-A641-19BF94902283}.Debug|x64.Build.0 = Debug|x64
		{70A51A6F-20E0-473E-A641-19BF94902283}.Debug|x86.ActiveCfg = Debug|Win32
		{70A51A6F-20E0-473E-A641-19BF94902283}.Debug|x86.Build.0 = Debug|Win32
		{70A51A6F-20E0-473E-A641-19BF94902283}.Release|x64.ActiveCfg = Release|x64
		{70A51A6F-20E0-473E-A641-19BF94902283}.Release|x64.Build.0 = Release|x64
		{70A51A6F-20E0-473E-A641-19BF94902283}.Release|x86.ActiveCfg = Release|Win32
		{70A51A6F-20E0-473E-A641-19BF94902283}.Release|x86.Build.0 = Release|Win32
		{50CEB748-C4C1-4EEF-BFAB-EFCE70634266}.Debug|x64.ActiveCfg = Debug|x64
		{50CEB748-C4C1-4EEF-BFAB-EFCE70634266}.Debug|x64.Build.0 = Debug|x64
		{50CEB748-C4C1-4EEF-BFAB-EFCE70634266}.Debug|x86.ActiveCfg = Debug|Win32
		{50CEB748-C4C1-4EEF-BFAB-EFCE70634266}.Debug|x86.Build.0 = Debug|Win32
		{50CEB748-C4C1-4EEF-BFAB-EFCE70634266}.Release|x64.ActiveCfg = Release|x64
		{50CEB748-C4C1-4EEF-BFAB-EFCE70634266}.Release|x64.Build.0 = Release|x64
		{50CEB748-C4C1-4EEF-BFAB-EFCE70634266}.Release|x86.ActiveCfg = Release|Win32
		{50CEB748-C4C1-4EEF-BFAB-EFCE70634266}.Release|x86.Build.0 = Release|Win32
		{A8ACB66A-E7B1-429A-81A8-E5F6E521F909}.Debug|x64.ActiveCfg = Debug|x64
		{A8ACB66A-E7B1-429A-81A8-E5F6E521F909}.Debug|x64.Build.0 = Debug|x64
		{A8ACB66A-E7B1-429A-81A8-E5F6E521F909}.Debug|x86.ActiveCfg = Debug|Win32
		{A8ACB66A-E7B1-429A-81A8-E5F6E521F909}.Debug|x86.Build.0 = Debug|Win32
		{A8ACB66A-E7B1-429A-81A8-E5F6E521F909}.Release|x64.ActiveCfg = Release|x64
		{A8ACB66A-E7B1-429A-81A8-E5F6E521F909}.Release|x64.Build.0 = Release|x64
		{A8ACB66A-E7B1-429A-81A8-E5F6E521F909}.Release|x86.ActiveCfg = Release|Win32
		{A8ACB66A-E7B1-429A-81A8-E5F6E521F909}.Release|x86.Build.0 = Release|Win32
		{7B0F8308-9F8B-484D-94CB-2DCC3E629625}.Debug|x64.ActiveCfg = Debug|x64
		{7B0F8308-9F8B-484D-94CB-2DCC3E629625}.Debug|x64.Build.0 = Debug|x64
		{7B0F8308-9F8B-484D-94CB-2DCC3E629625}.Debug|x86.ActiveCfg = Debug|Win32
		{7B0F8308-9F8B-484D-94CB-2DCC3E629625}.Debug|x86.Build.0 = Debug|Win32
		{7B0F8308-9F8B-484D-94CB-2DCC3E629625}.Release|x64.ActiveCfg = Release|x64
		{7B0F8308-9F8B-484D-94CB-2DCC3E629625}.Release|x64.Build.0 = Release|x64
		{7B0F8308-9F8B-484D-94CB-2DCC3E629625}.Release|x86.ActiveCfg = Release|Win32
		{7B0F8308-9F8B-484D-94CB-2DCC3E629625}.Release|x86.Build.0 = Release|Win32
		{229CEE32-E46C-4780-9C12-E308A18469D3}.Debug|x64.ActiveCfg = Debug|x64
		{229CEE32-E46C-4780-9C12-E308A18469D3}.Debug|x64.Build.0 = Debug|x64
		{229CEE32-E46C-4780-9C12-E308A18469D3}.Debug|x86.ActiveCfg = Debug|Win32
		{229CEE32-E46C-4780-9C12-E308A18469D3}.Debug|x86.Build.0 = Debug|Win32
		{229CEE32-E46C-4780-9C12-E308A18469D3}.Release|x64.ActiveCfg = Release|x64
		{229CEE32-E46C-4780-9C12-E308A18469D3}.Release|x64.Build.0 = Release|x64
		{229CEE32-E46C-4780-9C12-E308A18469D3}.Release|x86.ActiveCfg = Release|Win32
		{229CEE32-E46C-4780-9C12-E308A18469D3}.Release|x86.Build.0 = Release|Win32
		{AE4EC706-1B83-4C83-AA1C-05A2A3B7C18D}.Debug|x64.ActiveCfg = Debug|x64
		{AE4EC706-1B83-4C83-AA1C-05A2A3B7C18D}.Debug|x64.Build.0 = Debug|x64
		{AE4EC706-1B83-4C83-AA1C-05A2A3B7C18D}.Debug|x86.ActiveCfg = Debug|Win32
		{AE4EC706-1B83-4C83-AA1C-05A2A3B7C18D}.Debug|x86.Build.0 = Debug|Win32
		{AE4EC706-1B83-4C83-AA1C-05A2A3B7C18D}.Release|x64.ActiveCfg = Release|x64
		{AE4EC706-1B83-4C83-AA1C-05A2A3B7C18D}.Release|x64.Build.0 = Release|x64
		{AE4EC706-1B83-4C83-AA1C-05A2A3B7C18D}.Release|x86.ActiveCfg = Release|Win32
		{AE4EC706-1B83-4C83-AA1C-05A2A3B7C18D}.Release|x86.Build.0 = Release|Win32
		{886D1592-B19A-419D-8C5A-6F7FBE61B058}.Debug|x64.ActiveCfg = Debug|x64
		{886D1592-B19A-419D-8C5A-6F7FBE61B058}.Debug|x64.Build.0 = Debug|x64
		{886D1592-B19A-419D-8C5A-6F7FBE61B058}.Debug|x86.ActiveCfg = Debug|Win32
		{886D1592-B19A-419D-8C5A-6F7FBE61B058}.Debug|x86.Build.0 = Debug|Win32
		{886D1592-B19A-419D-8C5A-6F7FBE61B058}.Release|x64.ActiveCfg = Release|x64
		{886D1592-B19A-419D-8C5A-6F7FBE61B058}.Release|x64.Build.0 = Release|x64
		{886D1592-B19A-419D-8C5A-6F7FBE61B058}.Release|x86.ActiveCfg = Release|Win32
		{886D1592-B19A-419D-8C5A-6F7FBE61B058}.Release|x86.Build.0 = Release|Win32
		{9A09EEE1-046D-4B87-B29E-A6FA6A31634D}.Debug|x64.ActiveCfg = Debug|x64
		{9A09EEE1-046D-4B87-B29E-A6FA6A31634D}.Debug|x64.Build.0 = Debug|x64
		{9A09EEE1-046D-4B87-B29E-A6FA6A31634D}.Debug|x86.ActiveCfg = Debug|Win32
		{9A09EEE1-046D-4B87-B29E-A6FA6A31634D}.Debug|x86.Build.0 = Debug|Win32
		{9A09EEE1-046D-4B87-B29E-A6FA6A31634D}.Release|x64.ActiveCfg = Release|x64
		{9A09EEE1-046D-4B87-B29E-A6FA6A31634D}.Release|x64.Build.0 = Release|x64
		{9A09EEE1-046D-4B87-B29E-A6FA6A31634D}.Release|x86.ActiveCfg = Release|Win32
		{9A09EEE1-046D-4B87-B29E-A6FA6A31634D}.Release|x86.Build.0 = Release|Win32
		{B698F994-AAFD-483E-B2A0-301925AE61ED}.Debug|x64.ActiveCfg = Debug|x64
		{B698F994-AAFD-483E-B2A0-301925AE61ED}.Debug|x64.Build.0 = Debug|x64
		{B698F994-AAFD-483E-B2A0-301925AE61ED}.Debug|x86.ActiveCfg = Debug|Win32
		{B698F994-AAFD-483E-B2A0-301925AE61ED}.Debug|x86.Build.0 = Debug|Win32
		{B698F994-AAFD-483E-B2A0-301925AE61ED}.Release|x64.ActiveCfg = Release|x64
		{B698F994-AAFD-483E-B2A0-301925AE61ED}.Release|x64.Build.0 = Release|x64
		{B698F994-AAFD-483E-B2A0-301925AE61ED}.Release|x86.ActiveCfg = Release|Win32
		{B698F994-AAFD-483E-B2A0-301925AE61ED}.Release|x86.Build.0 = Release|Win32
		{69EA794F-38E0-4427-8F64-9444A3604B39}.Debug|x64.ActiveCfg = Debug|x64
		{69EA794F-38E0-4427-8F64-9444A3604B39}.Debug|x64.Build.0 = Debug|x64
		{69EA794F-38E0-4427-8F64-9444A3604B39}.Debug|x86.ActiveCfg = Debug|Win32
		{69EA794F-38E0-4427-8F64-9444A3604B39}.Debug|x86.Build.0 = Debug|Win32
		{69EA794F-38E0-4427-8F64-9444A3604B39}.Release|x64.ActiveCfg = Release|x64
		{69EA794F-38E0-4427-8F64-9444A3604B39}.Release|x64.Build.0 = Release|x64
		{69EA794F-38E0-4427-8F64-9444A3604B39}.Release|x86.ActiveCfg = Release|Win32
		{69EA794F-38E0-4427-8F64-9444A3604B39}.Release|x86.Build.0 = Release|Win32
		{9AF30B80-51FF-4FE0-AD31-2A19304E6ADA}.Debug|x64.ActiveCfg = Debug|x64
		{9AF30B80-51FF-4FE0-AD31-2A19304E6ADA}.Debug|x64.Build.0 = Debug|x64
		{9AF30B80-51FF-4FE0-AD31-2A19304E6ADA}.Debug|x86.ActiveCfg = Debug|Win32
		{9AF30B80-51FF-4FE0-AD31-2A19304E6ADA}.Debug|x86.Build.0 = Debug|Win32
		{9AF30B80-51FF-4FE0-AD31-2A19304E6ADA}.Release|x64.ActiveCfg = Release|x64
		{9AF30B80-51FF-4FE0-AD31-2A19304E6ADA}.Release|x64.Build.0 = Release|x64
		{9AF30B80-51FF-4FE0-AD31-2A19304E6ADA}.Release|x86.ActiveCfg = Release|Win32
		{9AF30B80-51FF-4FE0-AD31-2A19304E6ADA}.Release|x86.Build.0 = Release|Win32
		{D081E227-FDC3-49D7-B7E1-A3898E808373}.Debug|x64.ActiveCfg = Debug|x64
		{D081E227-FDC3-49D7-B7E1-A3898E808373}.Debug|x64.Build.0 = Debug|x64
		{D081E227-FDC3-49D7-B7E1-A3898E808373}.Debug|x86.ActiveCfg = Debug|Win32
		{D081E227-FDC3-49D7-B7E1-A3898E808373}.Debug|x86.Build.0 = Debug|Win32
		{D081E227-FDC3-49D7-B7E1-A3898E808373}.Release|x64.ActiveCfg = Release|x64
		{D081E227-FDC3-49D7-B7E1-A3898E808373}.Release|x64.Build.0 = Release|x64
		{D081E227-FDC3-49D7-B7E1-A3898E808373}.Release|x86.ActiveCfg = Release|Win32
		{D081E227-FDC3-49D7-B7E1-A3898E808373}.Release|x86.Build.0 = Release|Win32
		{CC7DBF2D-65E2-46AC-81CF-47887B905084}.Debug|x64.ActiveCfg = Debug|x64
		{CC7DBF2D-65E2-46AC-81CF-47887B905084}.Debug|x64.Build.0 = Debug|x64
		{CC7DBF2D-65E2-46AC-81CF-47887B905084}.Debug|x86.ActiveCfg = Debug|Win32
		{CC7DBF2D-65E2-46AC-81CF-47887B905084}.Debug|x86.Build.0 = Debug|Win32
		{CC7DBF2D-65E2-46AC-81CF-47887B905084}.Release|x64.ActiveCfg = Release|x64
		{CC7DBF2D-65E2-46AC-81CF-47887B905084}.Release|x64.Build.0 = Release|x64
		{CC7DBF2D-65E2-46AC-81CF-47887B905084}.Release|x86.ActiveCfg = Release|Win32
		{CC7DBF2D-65E2-46AC-81CF-47887B905084}.Release|x86.Build.0 = Release|Win32
		{576D7061-802E-4073-BA12-65B620CC958D}.Debug|x64.ActiveCfg = Debug|x64
		{576D7061-802E-4073-BA12-65B620CC958D}.Debug|x64.Build.0 = Debug|x64
		{576D7061-802E-4073-BA12-65B620CC958D}.Debug|x86.ActiveCfg = Debug|Win32
		{576D7061-802E-4073-BA12-65B620CC958D}.Debug|x86.Build.0 = Debug|Win32
		{576D7061-802E-4073-BA12-65B620CC958D}.Release|x64.ActiveCfg = Release|x64
		{576D7061-802E-4073-BA12-65B620CC958D}.Release|x64.Build.0 = Release|x64
		{576D7061-802E-4073-BA12-65B620CC958D}.Release|x86.ActiveCfg = Release|Win32
		{576D7061-802E-4073-BA12-65B620CC958D}.Release|x86.Build.0 = Release|Win32
		{5C254D7A-5EE6-4CC9-B4E4-41DFAC690624}.Debug|x64.ActiveCfg = Debug|x64
		{5C254D7A-5EE6-4CC9-B4E4-41DFAC690624}.Debug|x64.Build.0 = Debug|x64
		{5C254D7A-5EE6-4CC9-B4E4-41DFAC690624}.Debug|x86.ActiveCfg = Debug|Win32
		{5C254D7A-5EE6-4CC9-B4E4-41DFAC690624}.Debug|x86.Build.0 = Debug|Win32
		{5C254D7A-5EE6-4CC9-B4E4-41DFAC690624}.Release|x64.ActiveCfg = Release|x64
		{5C254D7A-5EE6-4CC9-B4E4-41DFAC690624}.Release|x64.Build.0 = Release|x64
		{5C254D7A-5EE6-4CC9-B4E4-41DFAC690624}.Release|x86.ActiveCfg = Release|Win32
		{5C254D7A-5EE6-4CC9-B4E4-41DFAC690624}.Release|x86.Build.0 = Release|Win32
		{6EBBA82B-4680-47FE-8F06-88D788146B0C}.Debug|x64.ActiveCfg = Debug|x64
		{6EBBA82B-4680-47FE-8F06-88D788146B0C}.Debug|x64.Build.0 = Debug|x64
		{6EBBA82B-4680-47FE-8F06-88D788146B0C}.Debug|x86.ActiveCfg = Debug|Win32
		{6EBBA82B-4680-47FE-8F06-88D788146B0C}.Debug|x86.Build.0 = Debug|Win32
		{6EBBA82B-4680-47FE-8F06-88D788146B0C}.Release|x64.ActiveCfg = Release|x64
		{6EBBA82B-4680-47FE-8F06-88D788146B0C}.Release|x64.Build.0 = Release|x64
		{6EBBA82B-4680-47FE-8F06-88D788146B0C}.Release|x86.ActiveCfg = Release|Win32
		{6EBBA82B-4680-47FE-8F06-88D788146B0C}.Release|x86.Build.0 = Release|Win32
		{F6953213-F81D-46CD-80D3-6B150958456B}.Debug|x64.ActiveCfg = Debug|x64
		{F6953213-F81D-46CD-80D3-6B150958456B}.Debug|x64.Build.0 = Debug|x64
		{F6953213-F81D-46CD-80D3-6B150958456B}.Debug|x86.ActiveCfg = Debug|Win32
		{F6953213-F81D-46CD-80D3-6B150958456B}.Debug|x86.Build.0 = Debug|Win32
		{F6953213-F81D-46CD-80D3-6B150958456B}.Release|x64.ActiveCfg = Release|x64
		{F6953213-F81D-46CD-80D3-6B150958456B}.Release|x64.Build.0 = Release|x64
		{F6953213-F81D-46CD-80D3-6B150958456B}.Release|x86.ActiveCfg = Release|Win32
		{F6953213-F81D-46CD-80D3-6B150958456B}.Release|x86.Build.0 = Release|Win32
		{5AC0F7D3-115E-47BA-9EFF-B5BD40AB3044}.Debug|x64.ActiveCfg = Debug|x64
		{5AC0F7D3-115E-47BA-9EFF-B5BD40AB3044}.Debug|x64.Build.0 = Debug|x64
		{5AC0F7D3-115E-47BA-9EFF-B5BD40AB3044}.Debug|x86.ActiveCfg = Debug|Win32
		{5AC0F7D3-115E-47BA-9EFF-B5BD40AB3044}.Debug|x86.Build.0 = Debug|Win32
		{5AC0F7D3-115E-47BA-9EFF-B5BD40AB3044}.Release|x64.ActiveCfg = Release|x64
		{5AC0F7D3-115E-47BA-9EFF-B5BD40AB3044}.Release|x64.Build.0 = Release|x64
		{5AC0F7D3-115E-47BA-9EFF-B5BD40AB3044}.Release|x86.ActiveCfg = Release|Win32
		{5AC0F7D3-115E-47BA-9EFF-B5BD40AB3044}.Release|x86.Build.0 = Release|Win32
		{3C28E689-8F54-4B77-9F16-5AB4638DC4EF}.Debug|x64.ActiveCfg = Debug|x64
		{3C28E689-8F54-4B77-9F16-5AB4638DC4EF}.Debug|x64.Build.0 = Debug|x64
		{3C28E689-8F54-4B77-9F16-5AB4638DC4EF}.Debug|x86.ActiveCfg = Debug|Win32
		{3C28E689-8F54-4B77-9F16-5AB4638DC4EF}.Debug|x86.Build.0 = Debug|Win32
		{3C28E689-8F54-4B77-9F16-5AB4638DC4EF}.Release|x64.ActiveCfg = Release|x64
		{3C28E689-8F54-4B77-9F16-5AB4638DC4EF}.Release|x64.Build.0 = Release|x64
		{3C28E689-8F54-4B77-9F16-5AB4638DC4EF}.Release|x86.ActiveCfg = Release|Win32
		{3C28E689-8F54-4B77-9F16-5AB4638DC4EF}.Release|x86.Build.0 = Release|Win32
		{15AE157E-BAFF-4CA4-ABE4-4AABDA708C4F}.Debug|x64.ActiveCfg = Debug|x64
		{15AE157E-BAFF-4CA4-ABE4-4AABDA708C4F}.Debug|x64.Build.0 = Debug|x64
		{15AE157E-BAFF-4CA4-ABE4-4AABDA708C4F}.Debug|x86.ActiveCfg = Debug|Win32
		{15AE157E-BAFF-4CA4-ABE4-4AABDA708C4F}.Debug|x86.Build.0 = Debug|Win32
		{15AE157E-BAFF-4CA4-ABE4-4AABDA708C4F}.Release|x64.ActiveCfg = Release|x64
		{15AE157E-BAFF-4CA4-ABE4-4AABDA708C4F}.Release|x64.Build.0 = Release|x64
		{15AE157E-BAFF-4CA4-ABE4-4AABDA708C4F}.Release|x86.ActiveCfg = Release|Win32
		{15AE157E-BAFF-4CA4-ABE4-4AABDA708C4F}.Release|x86.Build.0 = Release|Win32
		{A57E195B-928A-4083-B975-712DD16F1C2B}.Debug|x64.ActiveCfg = Debug|x64
		{A57E195B-928A-4083-B975-712DD16F1C2B}.Debug|x64.Build.0 = Debug|x64
		{A57E195B-928A-4083-B975-712DD16F1C2B}.Debug|x86.ActiveCfg = Debug|Win32
		{A57E195B-928A-4083-B975-712DD16F1C2B}.Debug|x86.Build.0 = Debug|Win32
		{A57E195B-928A-4083-B975-712DD16F1C2B}.Release|x64.ActiveCfg = Release|x64
		{A57E195B-928A-4083-B975-712DD16F1C2B}.Release|x64.Build.0 = Release|x64
		{A57E195B-928A-4083-B975-712DD16F1C2B}.Release|x86.ActiveCfg = Release|Win32
		{A57E195B-928A-4083-B975-712DD16F1C2B}.Release|x86.Build.0 = Release|Win32
		{538261B9-7798-496E-9329-5534AF82D479}.Debug|x64.ActiveCfg = Debug|x64
		{538261B9-7798-496E-9329-5534AF82D479}.Debug|x64.Build.0 = Debug|x64
		{538261B9-7798-496E-9329-5534AF82D479}.Debug|x86.ActiveCfg = Debug|Win32
		{538261B9-7798-496E-9329-5534AF82D479}.Debug|x86.Build.0 = Debug|Win32
		{538261B9-7798-496E-9329-5534AF82D479}.Release|x64.ActiveCfg = Release|x64
		{538261B9-7798-496E-9329-5534AF82D479}.Release|x64.Build.0 = Release|x64
		{538261B9-7798-496E-9329-5534AF82D479}.Release|x86.ActiveCfg = Release|Win32
		{538261B9-7798-496E-9329-5534AF82D479}.Release|x86.Build.0 = Release|Win32
		{FA4D0F7E-A10D-47D5-9852-0753F2EF692A}.Debug|x64.ActiveCfg = Debug|x64
		{FA4D0F7E-A10D-47D5-9852-0753F2EF692A}.Debug|x64.Build.0 = Debug|x64
		{FA4D0F7E-A10D-47D5-9852-0753F2EF692A}.Debug|x86.ActiveCfg = Debug|Win32
		{FA4D0F7E-A10D-47D5-9852-0753F2EF692A}.Debug|x86.Build.0 = Debug|Win32
		{FA4D0F7E-A10D-47D5-9852-0753F2EF692A}.Release|x64.ActiveCfg = Release|x64
		{FA4D0F7E-A10D-47D5-9852-0753F2EF692A}.Release|x64.Build.0 = Release|x64
		{FA4D0F7E-A10D-47D5-9852-0753F2EF692A}.Release|x86.ActiveCfg = Release|Win32
		{FA4D0F7E-A10D-47D5-9852-0753F2EF692A}.Release|x86.Build.0 = Release|Win32
		{F0AD3CC4-904B-4016-A6BC-8E1D19A323CB}.Debug|x64.ActiveCfg = Debug|x64
		{F0AD3CC4-904B-4016-A6BC-8E1D19A323CB}.Debug|x64.Build.0 = Debug|x64
		{F0AD3CC4-904B-4016-A6BC-8E1D19A323CB}.Debug|x86.ActiveCfg = Debug|Win32
		{F0AD3CC4-904B-4016-A6BC-8E1D19A323CB}.Debug|x86.Build.0 = Debug|Win32
		{F0AD3CC4-904B-4016-A6BC-8E1D19A323CB}.Release|x64.ActiveCfg = Release|x64
		{F0AD3CC4-904B-4016-A6BC-8E1D19A323CB}.Release|x64.Build.0 = Release|x64
		{F0AD3CC4-904B-4016-A6BC-8E1D19A323CB}.Release|x86.ActiveCfg = Release|Win32
		{F0AD3CC4-904B-4016-A6BC-8E1D19A323CB}.Release|x86.Build.0 = Release|Win32
		{C991204B-6EAE-40B8-81CF-E9D1D4EC0693}.Debug|x64.ActiveCfg = Debug|x64
		{C991204B-6EAE-40B8-81CF-E9D1D4EC0693}.Debug|x64.Build.0 = Debug|x64
		{C991204B-6EAE-40B8-81CF-E9D1D4EC0693}.Debug|x86.ActiveCfg = Debug|Win32
		{C991204B-6EAE-40B8-81CF-E9D1D4EC0693}.Debug|x86.Build.0 = Debug|Win32
		{C991204B-6EAE-40B8-81CF-E9D1D4EC0693}.Release|x64.ActiveCfg = Release|x64
		{C991204B-6EAE-40B8-81CF-E9D1D4EC0693}.Release|x64.Build.0 = Release|x64
		{C991204B-6EAE-40B8-81CF-E9D1D4EC0693}.Release|x86.ActiveCfg = Release|Win32
		{C991204B-6EAE-40B8-81CF-E9D1D4EC0693}.Release|x86.Build.0 = Release|Win32
		{FC4E12B9-63B0-40F7-B757-4A6B3FAE3244}.Debug|x64.ActiveCfg = Debug|x64
		{FC4E12B9-63B0-40F7-B757-4A6B3FAE3244}.Debug|x64.Build.0 = Debug|x64
		{FC4E12B9-63B0-40F7-B757-4A6B3FAE3244}.Debug|x86.ActiveCfg = Debug|Win32
		{FC4E12B9-63B0-40F7-B757-4A6B3FAE3244}.Debug|x86.Build.0 = Debug|Win32
		{FC4E12B9-63B0-40F7-B757-4A6B3FAE3244}.Release|x64.ActiveCfg = Release|x64
		{FC4E12B9-63B0-40F7-B757-4A6B3FAE3244}.Release|x64.Build.0 = Release|x64
		{FC4E12B9-63B0-40F7-B757-4A6B3FAE3244}.Release|x86.ActiveCfg = Release|Win32
		{FC4E12B9-63B0-40F7-B757-4A6B3FAE3244}.Release|x86.Build.0 = Release|Win32
		{F73DC282-FF38-4514-991F-900E3F4A4C24}.Debug|x64.ActiveCfg = Debug|x64
		{F73DC282-FF38-4514-991F-900E3F4A4C24}.Debug|x64.Build.0 = Debug|x64
		{F73DC282-FF38-4514-991F-900E3F4A4C24}.Debug|x86.ActiveCfg = Debug|Win32
		{F73DC282-FF38-4514-991F-900E3F4A4C24}.Debug|x86.Build.0 = Debug|Win32
		{F73DC282-FF38-4514-991F-900E3F4A4C24}.Release|x64.ActiveCfg = Release|x64
		{F73DC282-FF38-4514-991F-900E3F4A4C24}.Release|x64.Build.0 = Release|x64
		{F73DC282-FF38-4514-991F-900E3F4A4C24}.Release|x86.ActiveCfg = Release|Win32
		{F73DC282-FF38-4514-991F-900E3F4A4C24}.Release|x86.Build.0 = Release|Win32
		{824EA09D-1AAD-459C-86D0-0967D652C690}.Debug|x64.ActiveCfg = Debug|x64
		{824EA09D-1AAD-459C-86D0-0967D652C690}.Debug|x64.Build.0 = Debug|x64
		{824EA09D-1AAD-459C-86D0-0967D652C690}.Debug|x86.ActiveCfg = Debug|Win32
		{824EA09D-1AAD-459C-86D0-0967D652C690}.Debug|x86.Build.0 = Debug|Win32
		{824EA09D-1AAD-459C-86D0-0967D652C690}.Release|x64.ActiveCfg = Release|x64
		{824EA09D-1AAD-459C-86D0-0967D652C690}.Release|x64.Build.0 = Release|x64
		{824EA09D-1AAD-459C-86D0-0967D652C690}.Release|x86.ActiveCfg = Release|Win32
		{824EA09D-1AAD-459C-86D0-0967D652C690}.Release|x86.Build.0 = Release|Win32
		{A8F0DBCE-C0D5-4C52-9972-4100DAB190E9}.Debug|x64.ActiveCfg = Debug|x64
		{A8F0DBCE-C0D5-4C52-9972-4100DAB190E9}.Debug|x64.Build.0 = Debug|x64
		{A8F0DBCE-C0D5-4C52-9972-4100DAB190E9}.Debug|x86.ActiveCfg = Debug|Win32
		{A8F0DBCE-C0D5-4C52-9972-4100DAB190E9}.Debug|x86.Build.0 = Debug|Win32
		{A8F0DBCE-C0D5-4C52-9972-4100DAB190E9}.Release|x64.ActiveCfg = Release|x64
		{A8F0DBCE-C0D5-4C52-9972-4100DAB190E9}.Release|x64.Build.0 = Release|x64
		{A8F0DBCE-C0D5-4C52-9972-4100DAB190E9}.Release|x86.ActiveCfg = Release|Win32
		{A8F0DBCE-C0D5-4C52-9972-4100DAB190E9}.Release|x86.Build.0 = Release|Win32
		{A51F4C01-D831-4FE3-9B08-519AFC5F0661}.Debug|x64.ActiveCfg = Debug|x64
		{A51F4C01-D831-4FE3-9B08-519AFC5F0661}.Debug|x64.Build.0 = Debug|x64
		{A51F4C01-D831-4FE3-9B08-519AFC5F0661}.Debug|x86.ActiveCfg = Debug|Win32
		{A51F4C01-D831-4FE3-9B08-519AFC5F0661}.Debug|x86.Build.0 = Debug|Win32
		{A51F4C01-D831-4FE3-9B08-519AFC5F0661}.Release|x64.ActiveCfg = Release|x64
		{A51F4C01-D831-4FE3-9B08-519AFC5F0661}.Release|x64.Build.0 = Release|x64
		{A51F4C01-D831-4FE3-9B08-519AFC5F0661}.Release|x86.ActiveCfg = Release|Win32
		{A51F4C01-D831-4FE3-9B08-519AFC5F0661}.Release|x86.Build.0 = Release|Win32
		{E415D0E4-EC8A-4432-9964-0BE9FEB38919}.Debug|x64.ActiveCfg = Debug|x64
		{E415D0E4-EC8A-4432-9964-0BE9FEB38919}.Debug|x64.Build.0 = Debug|x64
		{E415D0E4-EC8A-4432-9964-0BE9FEB38919}.Debug|x86.ActiveCfg = Debug|Win32
		{E415D0E4-EC8A-4432-9964-0BE9FEB38919}.Debug|x86.Build.0 = Debug|Win32
		{E415D0E4-EC8A-4432-9964-0BE9FEB38919}.Release|x64.ActiveCfg = Release|x64
		{E415D0E4-EC8A-4432-9964-0BE9FEB38919}.Release|x64.Build.0 = Release|x64
		{E415D0E4-EC8A-4432-9964-0BE9FEB38919}.Release|x86.ActiveCfg = Release|Win32
		{E415D0E4-EC8A-4432-9964-0BE9FEB38919}.Release|x86.Build.0 = Release|Win32
		{DB82B30B-5252-4D87-B522-A9F6D0EEDB18}.Debug|x64.ActiveCfg = Debug|x64
		{DB82B30B-5252-4D87-B522-A9F6D0EEDB18}.Debug|x64.Build.0 = Debug|x64
		{DB82B30B-5252-4D87-B522-A9F6D0EEDB18}.Debug|x86.ActiveCfg = Debug|Win32
		{DB82B30B-5252-4D87-B522-A9F6D0EEDB18}.Debug|x86.Build.0 = Debug|Win32
		{DB82B30B-5252-4D87-B522-A9F6D0EEDB18}.Release|x64.ActiveCfg = Release|x64
		{DB82B30B-5252-4D87-B522-A9F6D0EEDB18}.Release|x64.Build.0 = Release|x64
		{DB82B30B-5252-4D87-B522-A9F6D0EEDB18}.Release|x86.ActiveCfg = Release|Win32
		{DB82B30B-5252-4D87-B522-A9F6D0EEDB18}.Release|x86.Build.0 = Release|Win32
		{75D06A2D-2E66-4D2B-B521-E91284105AA7}.Debug|x64.ActiveCfg = Debug|x64
		{75D06A2D-2E66-4D2B-B521-E91284105AA7}.Debug|x64.Build.0 = Debug|x64
		{75D06A2D-2E66-4D2B-B521-E91284105AA7}.Debug|x86.ActiveCfg = Debug|Win32
		{75D06A2D-2E66-4D2B-B521-E91284105AA7}.Debug|x86.Build.0 = Debug|Win32
		{75D06A2D-2E66-4D2B-B521-E91284105AA7}.Release|x64.ActiveCfg = Release|x64
		{75D06A2D-2E66-4D2B-B521-E91284105AA7}.Release|x64.Build.0 = Release|x64
		{75D06A2D-2E66-4D2B-B521-E91284105AA7}.Release|x86.ActiveCfg = Release|Win32
		{75D06A2D-2E66-4D2B-B521-E91284105AA7}.Release|x86.Build.0 = Release|Win32
		{C88E83B2-12C9-41CB-B013-01C17C1AFD82}.Debug|x64.ActiveCfg = Debug|x64
		{C88E83B2-12C9-41CB-B013-01C17C1AFD82}.Debug|x64.Build.0 = Debug|x64
		{C88E83B2-12C9-41CB-B013-01C17C1AFD82}.Debug|x86.ActiveCfg = Debug|Win32
		{C88E83B2-12C9-41CB-B013-01C17C1AFD82}.Debug|x86.Build.0 = Debug|Win32
		{C88E83B2-12C9-41CB-B013-01C17C1AFD82}.Release|x64.ActiveCfg = Release|x64
		{C88E83B2-12C9-41CB-B013-01C17C1AFD82}.Release|x64.Build.0 = Release|x64
		{C88E83B2-12C9-41CB-B013-01C17C1AFD82}.Release|x86.ActiveCfg = Release|Win32
		{C88E83B2-12C9-41CB-B013-01C17C1AFD82}.Release|x86.Build.0 = Release|Win32
		{32273C98-DA3E-4F01-B4CE-BC0576BFA32A}.Debug|x64.ActiveCfg = Debug|x64
		{32273C98-DA3E-4F01-B4CE-BC0576BFA32A}.Debug|x64.Build.0 = Debug|x64
		{32273C98-DA3E-4F01-B4CE-BC0576BFA32A}.Debug|x86.ActiveCfg = Debug|Win32
		{32273C98-DA3E-4F01-B4CE-BC0576BFA32A}.Debug|x86.Build.0 = Debug|Win32
		{32273C98-DA3E-4F01-B4CE-BC0576BFA32A}.Release|x64.ActiveCfg = Release|x64
		{32273C98-DA3E-4F01-B4CE-BC0576BFA32A}.Release|x64.Build.0 = Release|x64
		{32273C98-DA3E-4F01-B4CE-BC0576BFA32A}.Release|x86.ActiveCfg = Release|Win32
		{32273C98-DA3E-4F01-B4CE-BC0576BFA32A}.Release|x86.Build.0 = Release|Win32
		{FA499605-5BD7-437A-9FBA-9FE3A4DEBA10}.Debug|x64.ActiveCfg = Debug|x64
		{FA499605-5BD7-437A-9FBA-9FE3A4DEBA10}.Debug|x64.Build.0 = Debug|x64
		{FA499605-5BD7-437A-9FBA-9FE3A4DEBA10}.Debug|x86.ActiveCfg = Debug|Win32
		{FA499605-5BD7-437A-9FBA-9FE3A4DEBA10}.Debug|x86.Build.0 = Debug|Win32
		{FA499605-5BD7-437A-9FBA-9FE3A4DEBA10}.Release|x64.ActiveCfg = Release|x64
		{FA499605-5BD7-437A-9FBA-9FE3A4DEBA10}.Release|x64.Build.0 = Release|x64
		{FA499605-5BD7-437A-9FBA-9FE3A4DEBA10}.Release|x86.ActiveCfg = Release|Win32
		{FA499605-5BD7-437A-9FBA-9FE3A4DEBA10}.Release|x86.Build.0 = Release|Win32
		{72C63828-3FFE-473A-973B-6BEF5D568F0B}.Debug|x64.ActiveCfg = Debug|x64
		{72C63828-3FFE-473A-973B-6BEF5D568F0B}.Debug|x64.Build.0 = Debug|x64
		{72C63828-3FFE-473A-973B-6BEF5D568F0B}.Debug|x86.ActiveCfg = Debug|Win32
		{72C63828-3FFE-473A-973B-6BEF5D568F0B}.Debug|x86.Build.0 = Debug|Win32
		{72C63828-3FFE-473A-973B-6BEF5D568F0B}.Release|x64.ActiveCfg = Release|x64
		{72C63828-3FFE-473A-973B-6BEF5D568F0B}.Release|x64.Build.0 = Release|x64
		{72C63828-3FFE-473A-973B-6BEF5D568F0B}.Release|x86.ActiveCfg = Release|Win32
		{72C63828-3FFE-473A-973B-6BEF5D568F0B}.Release|x86.Build.0 = Release|Win32
		{42B6C4E9-F585-48D1-BD6E-95C4CAD82171}.Debug|x64.ActiveCfg = Debug|x64
		{42B6C4E9-F585-48D1-BD6E-95C4CAD82171}.Debug|x64.Build.0 = Debug|x64
		{42B6C4E9-F585-48D1-BD6E-95C4CAD82171}.Debug|x86.ActiveCfg = Debug|Win32
		{42B6C4E9-F585-48D1-BD6E-95C4CAD82171}.Debug|x86.Build.0 = Debug|Win32
		{42B6C4E9-F585-48D1-BD6E-95C4CAD82171}.Release|x64.ActiveCfg = Release|x64
		{42B6C4E9-F585-48D1-BD6E-95C4CAD82171}.Release|x64.Build.0 = Release|x64
		{42B6C4E9-F585-48D1-BD6E-95C4CAD82171}.Release|x86.ActiveCfg = Release|Win32
		{42B6C4E9-F585-48D1-BD6E-95C4CAD82171}.Release|x86.Build.0 = Release|Win32
		{BE3CF481-4074-49DE-844B-9C99E4BD3DA2}.Debug|x64.ActiveCfg = Debug|x64
		{BE3CF481-4074-49DE-844B-9C99E4BD3DA2}.Debug|x64.Build.0 = Debug|x64
		{BE3CF481-4074-49DE-844B-9C99E4BD3DA2}.Debug|x86.ActiveCfg = Debug|Win32
		{BE3CF481-4074-49DE-844B-9C99E4BD3DA2}.Debug|x86.Build.0 = Debug|Win32
		{BE3CF481-4074-49DE-844B-9C99E4BD3DA2}.Release|x64.ActiveCfg = Release|x64
		{BE3CF481-4074-49DE-844B-9C99E4BD3DA2}.Release|x64.Build.0 = Release|x64
		{BE3CF481-4074-49DE-844B-9C99E4BD3DA2}.Release|x86.ActiveCfg = Release|Win32
		{BE3CF481-4074-49DE-844B-9C99E4BD3DA2}.Release|x86.Build.0 = Release|Win32
		{72A1769E-2C51-4B41-AFF5-7595B85092DE}.Debug|x64.ActiveCfg = Debug|x64
		{72A1769E-2C51-4B41-AFF5-7595B85092DE}.Debug|x64.Build.0 = Debug|x64
		{72A1769E-2C51-4B41-AFF5-7595B85092DE}.Debug|x86.ActiveCfg = Debug|Win32
		{72A1769E-2C51-4B41-AFF5-7595B85092DE}.Debug|x86.Build.0 = Debug|Win32
		{72A1769E-2C51-4B41-AFF5-7595B85092DE}.Release|x64.ActiveCfg = Release|x64
		{72A1769E-2C51-4B41-AFF5-7595B85092DE}.Release|x64.Build.0 = Release|x64
		{72A1769E-2C51-4B41-AFF5-7595B85092DE}.Release|x86.ActiveCfg = Release|Win32
		{72A1769E-2C51-4B41-AFF5-7595B85092DE}.Release|x86.Build.0 = Release|Win32
		{8DABB662-1D92-4C6F-82B0-338EA492D546}.Debug|x64.ActiveCfg = Debug|x64
		{8DABB662-1D92-4C6F-82B0-338EA492D546}.Debug|x64.Build.0 = Debug|x64
		{8DABB662-1D92-4C6F-82B0-338EA492D546}.Debug|x86.ActiveCfg = Debug|Win32
		{8DABB662-1D92-4C6F-82B0-338EA492D546}.Debug|x86.Build.0 = Debug|Win32
		{8DABB662-1D92-4C6F-82B0-338EA492D546}.Release|x64.ActiveCfg = Release|x64
		{8DABB662-1D92-4C6F-82B0-338EA492D546}.Release|x64.Build.0 = Release|x64
		{8DABB662-1D92-4C6F-82B0-338EA492D546}.Release|x86.ActiveCfg = Release|Win32
		{8DABB662-1D92-4C6F-82B0-338EA492D546}.Release|x86.Build.0 = Release|Win32
		{3AB5E600-83F2-4EC0-BDE9-BE17598276EE}.Debug|x64.ActiveCfg = Debug|x64
		{3AB5E600-83F2-4EC0-BDE9-BE17598276EE}.Debug|x64.Build.0 = Debug|x64
		{3AB5E600-83F2-4EC0-BDE9-BE17598276EE}.Debug|x86.ActiveCfg = Debug|Win32
		{3AB5E600-83F2-4EC0-BDE9-BE17598276EE}.Debug|x86.Build.0 = Debug|Win32
		{3AB5E600-83F2-4EC0-BDE9-BE17598276EE}.Release|x64.ActiveCfg = Release|x64
		{3AB5E600-83F2-4EC0-BDE9-BE17598276EE}.Release|x64.Build.0 = Release|x64
		{3AB5E600-83F2-4EC0-BDE9-BE17598276EE}.Release|x86.ActiveCfg = Release|Win32
		{3AB5E600-83F2-4EC0-BDE9-BE17598276EE}.Release|x86.Build.0 = Release|Win32
		{728AF2BC-51A0-4076-82F7-927525CCAB1B}.Debug|x64.ActiveCfg = Debug|x64
		{728AF2BC-51A0-4076-82F7-927525CCAB1B}.Debug|x64.Build.0 = Debug|x64
		{728AF2BC-51A0-4076-82F7-927525CCAB1B}.Debug|x86.ActiveCfg = Debug|Win32
		{728AF2BC-51A0-4076-82F7-927525CCAB1B}.Debug|x86.Build.0 = Debug|Win32
		{728AF2BC-51A0-4076-82F7-927525CCAB1B}.Release|x64.ActiveCfg = Release|x64
		{728AF2BC-51A0-4076-82F7-927525CCAB1B}.Release|x64.Build.0 = Release|x64
		{728AF2BC-51A0-4076-82F7-927525CCAB1B}.Release|x86.ActiveCfg = Release|Win32
		{728AF2BC-51A0-4076-82F7-927525CCAB1B}.Release|x86.Build.0 = Release|Win32
		{8D0A7ECC-E0B2-48AE-9930-A464486E8015}.Debug|x64.ActiveCfg = Debug|x64
		{8D0A7ECC-E0B2-48AE-9930-A464486E8015}.Debug|x64.Build.0 = Debug|x64
		{8D0A7ECC-E0B2-48AE-9930-A464486E8015}.Debug|x86.ActiveCfg = Debug|Win32
		{8D0A7ECC-E0B2-48AE-9930-A464486E8015}.Debug|x86.Build.0 = Debug|Win32
		{8D0A7ECC-E0B2-48AE-9930-A464486E8015}.Release|x64.ActiveCfg = Release|x64
		{8D0A7ECC-E0B2-48AE-9930-A464486E8015}.Release|x64.Build.0 = Release|x64
		{8D0A7ECC-E0B2-48AE-9930-A464486E8015}.Release|x86.ActiveCfg = Release|Win32
		{8D0A7ECC-E0B2-48AE-9930-A464486E8015}.Release|x86.Build.0 = Release|Win32
		{4C565DAE-682E-4D35-A1DF-00A77DC0284D}.Debug|x64.ActiveCfg = Debug|x64
		{4C565DAE-682E-4D35-A1DF-00A77DC0284D}.Debug|x64.Build.0 = Debug|x64
		{4C565DAE-682E-4D35-A1DF-00A77DC0284D}.Debug|x86.ActiveCfg = Debug|Win32
		{4C565DAE-682E-4D35-A1DF-00A77DC0284D}.Debug|x86.Build.0 = Debug|Win32
		{4C565DAE-682E-4D35-A1DF-00A77DC0284D}.Release|x64.ActiveCfg = Release|x64
		{4C565DAE-682E-4D35-A1DF-00A77DC0284D}.Release|x64.Build.0 = Release|x64
		{4C565DAE-682E-4D35-A1DF-00A77DC0284D}.Release|x86.ActiveCfg = Release|Win32
		{4C565DAE-682E-4D35-A1DF-00A77DC0284D}.Release|x86.Build.0 = Release|Win32
		{278347E1-78D1-4FAD-86FA-AD4CD9AB7908}.Debug|x64.ActiveCfg = Debug|x64
		{278347E1-78D1-4FAD-86FA-AD4CD9AB7908}.Debug|x64.Build.0 = Debug|x64
		{278347E1-78D1-4FAD-86FA-AD4CD9AB7908}.Debug|x86.ActiveCfg = Debug|Win32
		{278347E1-78D1-4FAD-86FA-AD4CD9AB7908}.Debug|x86.Build.0 = Debug|Win32
		{278347E1-78D1-4FAD-86FA-AD4CD9AB7908}.Release|x64.ActiveCfg = Release|x64
		{278347E1-78D1-4FAD-86FA-AD4CD9AB7908}.Release|x64.Build.0 = Release|x64
		{278347E1-78D1-4FAD-86FA-AD4CD9AB7908}.Release|x86.ActiveCfg = Release|Win32
		{278347E1-78D1-4FAD-86FA-AD4CD9AB7908}.Release|x86.Build.0 = Release|Win32
		{7F3A57AC-D9B6-4271-BBC2-F9E806C69C48}.Debug|x64.ActiveCfg = Debug|x64
		{7F3A57AC-D9B6-4271-BBC2-F9E806C69C48}.Debug|x64.Build.0 = Debug|x64
		{7F3A57AC-D9B6-4271-BBC2-F9E806C69C48}.Debug|x86.ActiveCfg = Debug|Win32
		{7F3A57AC-D9B6-4271-BBC2-F9E806C69C48}.Debug|x86.Build.0 = Debug|Win32
		{7F3A57AC-D9B6-4271-BBC2-F9E806C69C48}.Release|x64.ActiveCfg = Release|x64
		{7F3A57AC-D9B6-4271-BBC2-F9E806C69C48}.Release|x64.Build.0 = Release|x64
		{7F3A57AC-D9B6-4271-BBC2-F9E806C69C48}.Release|x86.ActiveCfg = Release|Win32
		{7F3A57AC-D9B6-4271-BBC2-F9E806C69C48}.Release|x86.Build.0 = Release|Win32
		{08D7388B-7DDF-4704-9760-FAE58E0D881B}.Debug|x64.ActiveCfg = Debug|x64
		{08D7388B-7DDF-4704-9760-FAE58E0D881B}.Debug|x64.Build.0 = Debug|x64
		{08D7388B-7DDF-4704-9760-FAE58E0D881B}.Debug|x86.ActiveCfg = Debug|Win32
		{08D7388B-7DDF-4704-9760-FAE58E0D881B}.Debug|x86.Build.0 = Debug|Win32
		{08D7388B-7DDF-4704-9760-FAE58E0D881B}.Release|x64.ActiveCfg = Release|x64
		{08D7388B-7DDF-4704-9760-FAE58E0D881B}.Release|x64.Build.0 = Release|x64
		{08D7388B-7DDF-4704-9760-FAE58E0D881B}.Release|x86.ActiveCfg = Release|Win32
		{08D7388B-7DDF-4704-9760-FAE58E0D881B}.Release|x86.Build.0 = Release|Win32
		{141F94F3-5526-4FD1-A6DD-0A6ECC2A1B63}.Debug|x64.ActiveCfg = Debug|x64
		{141F94F3-5526-4FD1-A6DD-0A6ECC2A1B63}.Debug|x64.Build.0 = Debug|x64
		{141F94F3-5526-4FD1-A6DD-0A6ECC2A1B63}.Debug|x86.ActiveCfg = Debug|Win32
		{141F94F3-5526-4FD1-A6DD-0A6ECC2A1B63}.Debug|x86.Build.0 = Debug|Win32
		{141F94F3-5526-4FD1-A6DD-0A6ECC2A1B63}.Release|x64.ActiveCfg = Release|x64
		{141F94F3-5526-4FD1-A6DD-0A6ECC2A1B63}.Release|x64.Build.0 = Release|x64
		{141F94F3-5526-4FD1-A6DD-0A6ECC2A1B63}.Release|x86.ActiveCfg = Release|Win32
		{141F94F3-5526-4FD1-A6DD-0A6ECC2A1B63}.Release|x86.Build.0 = Release|Win32
		{C0E36A14-4E2F-4FEC-BE95-9293CBA54FBD}.Debug|x64.ActiveCfg = Debug|x64
		{C0E36A14-4E2F-4FEC-BE95-9293CBA54FBD}.Debug|x64.Build.0 = Debug|x64
		{C0E36A14-4E2F-4FEC-BE95-9293CBA54FBD}.Debug|x86.ActiveCfg = Debug|Win32
		{C0E36A14-4E2F-4FEC-BE95-9293CBA54FBD}.Debug|x86.Build.0 = Debug|Win32
		{C0E36A14-4E2F-4FEC-BE95-9293CBA54FBD}.Release|x64.ActiveCfg = Release|x64
		{C0E36A14-4E2F-4FEC-BE95-9293CBA54FBD}.Release|x64.Build.0 = Release|x64
		{C0E36A14-4E2F-4FEC-BE95-9293CBA54FBD}.Release|x86.ActiveCfg = Release|Win32
		{C0E36A14-4E2F-4FEC-BE95-9293CBA54FBD}.Release|x86.Build.0 = Release|Win32
		{CD14ECC9-3C69-437C-8254-BC244B11999A}.Debug|x64.ActiveCfg = Debug|x64
		{CD14ECC9-3C69-437C-8254-BC244B11999A}.Debug|x64.Build.0 = Debug|x64
		{CD14ECC9-3C69-437C-8254-BC244B11999A}.Debug|x86.ActiveCfg = Debug|Win32
		{CD14ECC9-3C69-437C-8254-BC244B11999A}.Debug|x86.Build.0 = Debug|Win32
		{CD14ECC9-3C69-437C-8254-BC244B11999A}.Release|x64.ActiveCfg = Release|x64
		{CD14ECC9-3C69-437C-8254-BC244B11999A}.Release|x64.Build.0 = Release|x64
		{CD14ECC9-3C69-437C-8254-BC244B11999A}.Release|x86.ActiveCfg = Release|Win32
		{CD14ECC9-3C69-437C-8254-BC244B11999A}.Release|x86.Build.0 = Release|Win32
	EndGlobalSection
	GlobalSection(SolutionProperties) = preSolution
		HideSolutionNode = FALSE
	EndGlobalSection
	GlobalSection(ExtensibilityGlobals) = postSolution
		SolutionGuid = {E67E5994-A37E-4136-8667-6B9654E237DA}
	EndGlobalSection
EndGlobal
