
Microsoft Visual Studio Solution File, Format Version 12.00
# Visual Studio Version 16
VisualStudioVersion = 16.0.34931.43
MinimumVisualStudioVersion = 10.0.40219.1
Project("{8BC9CEB8-8B4A-11D0-8D11-00A0C91BC942}") = "product_of_array_except_itself", "product_of_array_except_itself\product_of_array_except_itself.vcxproj", "{E1DC369D-CBD1-4D24-9B3F-10CB31A9DE31}"
EndProject
Project("{8BC9CEB8-8B4A-11D0-8D11-00A0C91BC942}") = "valid_sudoku", "valid_sudoku\valid_sudoku.vcxproj", "{19002D8E-C50A-44D7-BA69-4A28BA5E6C66}"
EndProject
Project("{8BC9CEB8-8B4A-11D0-8D11-00A0C91BC942}") = "maximum_value_of_a_string_in_an_array", "maximum_value_of_a_string_in_an_array\maximum_value_of_a_string_in_an_array.vcxproj", "{DA43C68F-A005-485D-BA00-A15DA0CCB4F5}"
EndProject
Project("{8BC9CEB8-8B4A-11D0-8D11-00A0C91BC942}") = "maximum_segment_sum_after_removals", "maximum_segment_sum_after_removals\maximum_segment_sum_after_removals.vcxproj", "{3EF3EAF5-B03A-48D5-8B58-2FD404A4112C}"
EndProject
Project("{8BC9CEB8-8B4A-11D0-8D11-00A0C91BC942}") = "2570_merge_two_arrays_by_summing_their_values", "2570_merge_two_arrays_by_summing_their_values\2570_merge_two_arrays_by_summing_their_values.vcxproj", "{20C347FD-B868-48C5-9DEA-F68AB81394AD}"
EndProject
Project("{8BC9CEB8-8B4A-11D0-8D11-00A0C91BC942}") = "387_first_unique_character_in_a_string", "387_first_unique_character_in_a_string\387_first_unique_character_in_a_string.vcxproj", "{89A5091E-9CFA-4585-BBFD-90D290EF68B3}"
EndProject
Project("{8BC9CEB8-8B4A-11D0-8D11-00A0C91BC942}") = "counting_sort", "counting_sort\counting_sort.vcxproj", "{0DF974AE-A150-4CC3-8877-822ED686B5BD}"
EndProject
Project("{8BC9CEB8-8B4A-11D0-8D11-00A0C91BC942}") = "utils", "utils\utils.vcxproj", "{16B0490B-77C0-4802-8BBA-AB60B3555A4D}"
EndProject
Project("{8BC9CEB8-8B4A-11D0-8D11-00A0C91BC942}") = "227_basic_calculator", "227_basic_calculator\227_basic_calculator.vcxproj", "{F4159F1B-08A3-4906-A946-E89F40963EBB}"
EndProject
Project("{8BC9CEB8-8B4A-11D0-8D11-00A0C91BC942}") = "964_least_operators_to_express_number", "964_least_operators_to_express_number\964_least_operators_to_express_number.vcxproj", "{0815C419-44EF-40C0-ADC2-DEACC6FFC29C}"
EndProject
Project("{8BC9CEB8-8B4A-11D0-8D11-00A0C91BC942}") = "2058_find_the_min_and_max_number_of_nodes_between_critical_points", "2058_find_the_min_and_max_number_of_nodes_between_critical_points\2058_find_the_min_and_max_number_of_nodes_between_critical_points.vcxproj", "{F26A3E79-A645-4EFE-8993-E3ACAD5AABF3}"
EndProject
Project("{8BC9CEB8-8B4A-11D0-8D11-00A0C91BC942}") = "2751_robot_collisions", "2751_robot_collisions\2751_robot_collisions.vcxproj", "{5B87C945-944D-41B6-9809-A1A9388FCAB8}"
EndProject
Project("{8BC9CEB8-8B4A-11D0-8D11-00A0C91BC942}") = "1380_lucky_number_in_matrix", "1380_lucky_number_in_matrix\1380_lucky_number_in_matrix.vcxproj", "{10CD2554-FB07-45F6-91F7-16544BA65EB1}"
EndProject
Project("{8BC9CEB8-8B4A-11D0-8D11-00A0C91BC942}") = "1636_sort_array_by_increasing_frequency", "1636_sort_array_by_increasing_frequency\1636_sort_array_by_increasing_frequency.vcxproj", "{ADB144CC-E735-440A-8E0B-42BECE5F2452}"
EndProject
Project("{8BC9CEB8-8B4A-11D0-8D11-00A0C91BC942}") = "2191_sort_the_jumbled_numbers", "2191_sort_the_jumbled_numbers\2191_sort_the_jumbled_numbers.vcxproj", "{A26D4E13-4B36-40FF-B774-BB8C8DAF0E43}"
EndProject
Project("{8BC9CEB8-8B4A-11D0-8D11-00A0C91BC942}") = "912_sort_an_array", "912_sort_an_array\912_sort_an_array.vcxproj", "{E59C3F56-E40A-41AF-86DF-1AE954669DCD}"
EndProject
Project("{8BC9CEB8-8B4A-11D0-8D11-00A0C91BC942}") = "650_2_keys_keyboard", "650_2_keys_keyboard\650_2_keys_keyboard.vcxproj", "{3984F03C-C0DC-4F21-A3CB-6D0F520F9B1D}"
EndProject
Project("{8BC9CEB8-8B4A-11D0-8D11-00A0C91BC942}") = "476_number_complement", "476_number_complement\476_number_complement.vcxproj", "{1BB7A640-545A-4F36-8490-1DFE9D7DDE5D}"
EndProject
Project("{8BC9CEB8-8B4A-11D0-8D11-00A0C91BC942}") = "145_binary_tree_postorder_traversal", "145_binary_tree_postorder_traversal\145_binary_tree_postorder_traversal.vcxproj", "{7C6D3BEF-8956-429F-82A7-94A36B185453}"
EndProject
Project("{8BC9CEB8-8B4A-11D0-8D11-00A0C91BC942}") = "590_nary_tree_postorder_traversal", "590_nary_tree_postorder_traversal\590_nary_tree_postorder_traversal.vcxproj", "{9BC02370-CCD2-4A7F-B77C-2ABAFC7A76F9}"
EndProject
Project("{8BC9CEB8-8B4A-11D0-8D11-00A0C91BC942}") = "1905_count_sub_islands", "1905_count_sub_islands\1905_count_sub_islands.vcxproj", "{A655CF9E-2D68-47A6-B4D9-17987E04D2B1}"
EndProject
Project("{8BC9CEB8-8B4A-11D0-8D11-00A0C91BC942}") = "2022_convert_1d_array_into_2d_array", "2022_convert_1d_array_into_2d_array\2022_convert_1d_array_into_2d_array.vcxproj", "{7CBD970D-9D43-4DF7-9090-5D6334AC01C7}"
EndProject
Project("{8BC9CEB8-8B4A-11D0-8D11-00A0C91BC942}") = "1894_find_the_student_who_will_replace_the_chalk", "1894_find_the_student_who_will_replace_the_chalk\1894_find_the_student_who_will_replace_the_chalk.vcxproj", "{DB3F5213-FEB7-4ABB-A751-4E074A8075CB}"
EndProject
Project("{8BC9CEB8-8B4A-11D0-8D11-00A0C91BC942}") = "1945_sum_of_digits_of_string_after_convert", "1945_sum_of_digits_of_string_after_convert\1945_sum_of_digits_of_string_after_convert.vcxproj", "{488EE599-72B7-4A47-AE53-6585E1A0C782}"
EndProject
Project("{8BC9CEB8-8B4A-11D0-8D11-00A0C91BC942}") = "874_walking_robot_simulation", "874_walking_robot_simulation\874_walking_robot_simulation.vcxproj", "{FEA5787B-B711-41D3-8797-41177FEA1B7F}"
EndProject
Project("{8BC9CEB8-8B4A-11D0-8D11-00A0C91BC942}") = "2028_find_missing_observations", "2028_find_missing_observations\2028_find_missing_observations.vcxproj", "{20DA8AC9-1B64-47A1-84CB-125304B0E1EF}"
EndProject
Project("{8BC9CEB8-8B4A-11D0-8D11-00A0C91BC942}") = "3217_delete_nodes_from_linked_list_present_in_array", "3217_delete_nodes_from_linked_list_present_in_array\3217_delete_nodes_from_linked_list_present_in_array.vcxproj", "{B4E6AB21-D992-4546-A7E9-8C6CC0BB7488}"
EndProject
Project("{8BC9CEB8-8B4A-11D0-8D11-00A0C91BC942}") = "228_summary_ranges", "228_summary_ranges\228_summary_ranges.vcxproj", "{7CE65E6B-26B4-4871-8A39-F9DA286937BA}"
EndProject
Project("{8BC9CEB8-8B4A-11D0-8D11-00A0C91BC942}") = "1367_linked_list_in_binary_tree", "1367_linked_list_in_binary_tree\1367_linked_list_in_binary_tree.vcxproj", "{239D00C7-1C61-4A25-BF77-70FCAB18D96B}"
EndProject
Project("{8BC9CEB8-8B4A-11D0-8D11-00A0C91BC942}") = "725_split_linked_list_in_parts", "725_split_linked_list_in_parts\725_split_linked_list_in_parts.vcxproj", "{1E7A474A-7ABE-4A57-8C0C-D627186DC87A}"
EndProject
Project("{8BC9CEB8-8B4A-11D0-8D11-00A0C91BC942}") = "2326_spiral_matrix_IV", "2326_spiral_matrix_IV\2326_spiral_matrix_IV.vcxproj", "{79A1AB36-776E-42B4-9457-4A685E981D76}"
EndProject
Project("{8BC9CEB8-8B4A-11D0-8D11-00A0C91BC942}") = "2807_insert_greatest_common_divisors_in_linked_list", "2807_insert_greatest_common_divisors_in_linked_list\2807_insert_greatest_common_divisors_in_linked_list.vcxproj", "{BBFD5D89-B736-4CDF-B291-0341204A3424}"
EndProject
Project("{8BC9CEB8-8B4A-11D0-8D11-00A0C91BC942}") = "3270_find_the_key_of_the_numbers", "3270_find_the_key_of_the_numbers\3270_find_the_key_of_the_numbers.vcxproj", "{E2677252-8898-41A8-9421-2BEF83A91D86}"
EndProject
Project("{8BC9CEB8-8B4A-11D0-8D11-00A0C91BC942}") = "3274_check_if_two_chessboard_squares_have_the_same_color", "3274_check_if_two_chessboard_squares_have_the_same_color\3274_check_if_two_chessboard_squares_have_the_same_color.vcxproj", "{9A4EE3C0-F392-49C7-9728-B8890374A940}"
EndProject
Project("{8BC9CEB8-8B4A-11D0-8D11-00A0C91BC942}") = "2220_minimum_bit_flips_to_convert_number", "2220_minimum_bit_flips_to_convert_number\2220_minimum_bit_flips_to_convert_number.vcxproj", "{70A51A6F-20E0-473E-A641-19BF94902283}"
EndProject
Global
	GlobalSection(SolutionConfigurationPlatforms) = preSolution
		Debug|x64 = Debug|x64
		Debug|x86 = Debug|x86
		Release|x64 = Release|x64
		Release|x86 = Release|x86
	EndGlobalSection
	GlobalSection(ProjectConfigurationPlatforms) = postSolution
		{E1DC369D-CBD1-4D24-9B3F-10CB31A9DE31}.Debug|x64.ActiveCfg = Debug|x64
		{E1DC369D-CBD1-4D24-9B3F-10CB31A9DE31}.Debug|x64.Build.0 = Debug|x64
		{E1DC369D-CBD1-4D24-9B3F-10CB31A9DE31}.Debug|x86.ActiveCfg = Debug|Win32
		{E1DC369D-CBD1-4D24-9B3F-10CB31A9DE31}.Debug|x86.Build.0 = Debug|Win32
		{E1DC369D-CBD1-4D24-9B3F-10CB31A9DE31}.Release|x64.ActiveCfg = Release|x64
		{E1DC369D-CBD1-4D24-9B3F-10CB31A9DE31}.Release|x64.Build.0 = Release|x64
		{E1DC369D-CBD1-4D24-9B3F-10CB31A9DE31}.Release|x86.ActiveCfg = Release|Win32
		{E1DC369D-CBD1-4D24-9B3F-10CB31A9DE31}.Release|x86.Build.0 = Release|Win32
		{19002D8E-C50A-44D7-BA69-4A28BA5E6C66}.Debug|x64.ActiveCfg = Debug|x64
		{19002D8E-C50A-44D7-BA69-4A28BA5E6C66}.Debug|x64.Build.0 = Debug|x64
		{19002D8E-C50A-44D7-BA69-4A28BA5E6C66}.Debug|x86.ActiveCfg = Debug|Win32
		{19002D8E-C50A-44D7-BA69-4A28BA5E6C66}.Debug|x86.Build.0 = Debug|Win32
		{19002D8E-C50A-44D7-BA69-4A28BA5E6C66}.Release|x64.ActiveCfg = Release|x64
		{19002D8E-C50A-44D7-BA69-4A28BA5E6C66}.Release|x64.Build.0 = Release|x64
		{19002D8E-C50A-44D7-BA69-4A28BA5E6C66}.Release|x86.ActiveCfg = Release|Win32
		{19002D8E-C50A-44D7-BA69-4A28BA5E6C66}.Release|x86.Build.0 = Release|Win32
		{DA43C68F-A005-485D-BA00-A15DA0CCB4F5}.Debug|x64.ActiveCfg = Debug|x64
		{DA43C68F-A005-485D-BA00-A15DA0CCB4F5}.Debug|x64.Build.0 = Debug|x64
		{DA43C68F-A005-485D-BA00-A15DA0CCB4F5}.Debug|x86.ActiveCfg = Debug|Win32
		{DA43C68F-A005-485D-BA00-A15DA0CCB4F5}.Debug|x86.Build.0 = Debug|Win32
		{DA43C68F-A005-485D-BA00-A15DA0CCB4F5}.Release|x64.ActiveCfg = Release|x64
		{DA43C68F-A005-485D-BA00-A15DA0CCB4F5}.Release|x64.Build.0 = Release|x64
		{DA43C68F-A005-485D-BA00-A15DA0CCB4F5}.Release|x86.ActiveCfg = Release|Win32
		{DA43C68F-A005-485D-BA00-A15DA0CCB4F5}.Release|x86.Build.0 = Release|Win32
		{3EF3EAF5-B03A-48D5-8B58-2FD404A4112C}.Debug|x64.ActiveCfg = Debug|x64
		{3EF3EAF5-B03A-48D5-8B58-2FD404A4112C}.Debug|x64.Build.0 = Debug|x64
		{3EF3EAF5-B03A-48D5-8B58-2FD404A4112C}.Debug|x86.ActiveCfg = Debug|Win32
		{3EF3EAF5-B03A-48D5-8B58-2FD404A4112C}.Debug|x86.Build.0 = Debug|Win32
		{3EF3EAF5-B03A-48D5-8B58-2FD404A4112C}.Release|x64.ActiveCfg = Release|x64
		{3EF3EAF5-B03A-48D5-8B58-2FD404A4112C}.Release|x64.Build.0 = Release|x64
		{3EF3EAF5-B03A-48D5-8B58-2FD404A4112C}.Release|x86.ActiveCfg = Release|Win32
		{3EF3EAF5-B03A-48D5-8B58-2FD404A4112C}.Release|x86.Build.0 = Release|Win32
		{20C347FD-B868-48C5-9DEA-F68AB81394AD}.Debug|x64.ActiveCfg = Debug|x64
		{20C347FD-B868-48C5-9DEA-F68AB81394AD}.Debug|x64.Build.0 = Debug|x64
		{20C347FD-B868-48C5-9DEA-F68AB81394AD}.Debug|x86.ActiveCfg = Debug|Win32
		{20C347FD-B868-48C5-9DEA-F68AB81394AD}.Debug|x86.Build.0 = Debug|Win32
		{20C347FD-B868-48C5-9DEA-F68AB81394AD}.Release|x64.ActiveCfg = Release|x64
		{20C347FD-B868-48C5-9DEA-F68AB81394AD}.Release|x64.Build.0 = Release|x64
		{20C347FD-B868-48C5-9DEA-F68AB81394AD}.Release|x86.ActiveCfg = Release|Win32
		{20C347FD-B868-48C5-9DEA-F68AB81394AD}.Release|x86.Build.0 = Release|Win32
		{89A5091E-9CFA-4585-BBFD-90D290EF68B3}.Debug|x64.ActiveCfg = Debug|x64
		{89A5091E-9CFA-4585-BBFD-90D290EF68B3}.Debug|x64.Build.0 = Debug|x64
		{89A5091E-9CFA-4585-BBFD-90D290EF68B3}.Debug|x86.ActiveCfg = Debug|Win32
		{89A5091E-9CFA-4585-BBFD-90D290EF68B3}.Debug|x86.Build.0 = Debug|Win32
		{89A5091E-9CFA-4585-BBFD-90D290EF68B3}.Release|x64.ActiveCfg = Release|x64
		{89A5091E-9CFA-4585-BBFD-90D290EF68B3}.Release|x64.Build.0 = Release|x64
		{89A5091E-9CFA-4585-BBFD-90D290EF68B3}.Release|x86.ActiveCfg = Release|Win32
		{89A5091E-9CFA-4585-BBFD-90D290EF68B3}.Release|x86.Build.0 = Release|Win32
		{0DF974AE-A150-4CC3-8877-822ED686B5BD}.Debug|x64.ActiveCfg = Debug|x64
		{0DF974AE-A150-4CC3-8877-822ED686B5BD}.Debug|x64.Build.0 = Debug|x64
		{0DF974AE-A150-4CC3-8877-822ED686B5BD}.Debug|x86.ActiveCfg = Debug|Win32
		{0DF974AE-A150-4CC3-8877-822ED686B5BD}.Debug|x86.Build.0 = Debug|Win32
		{0DF974AE-A150-4CC3-8877-822ED686B5BD}.Release|x64.ActiveCfg = Release|x64
		{0DF974AE-A150-4CC3-8877-822ED686B5BD}.Release|x64.Build.0 = Release|x64
		{0DF974AE-A150-4CC3-8877-822ED686B5BD}.Release|x86.ActiveCfg = Release|Win32
		{0DF974AE-A150-4CC3-8877-822ED686B5BD}.Release|x86.Build.0 = Release|Win32
		{16B0490B-77C0-4802-8BBA-AB60B3555A4D}.Debug|x64.ActiveCfg = Debug|x64
		{16B0490B-77C0-4802-8BBA-AB60B3555A4D}.Debug|x64.Build.0 = Debug|x64
		{16B0490B-77C0-4802-8BBA-AB60B3555A4D}.Debug|x86.ActiveCfg = Debug|Win32
		{16B0490B-77C0-4802-8BBA-AB60B3555A4D}.Debug|x86.Build.0 = Debug|Win32
		{16B0490B-77C0-4802-8BBA-AB60B3555A4D}.Release|x64.ActiveCfg = Release|x64
		{16B0490B-77C0-4802-8BBA-AB60B3555A4D}.Release|x64.Build.0 = Release|x64
		{16B0490B-77C0-4802-8BBA-AB60B3555A4D}.Release|x86.ActiveCfg = Release|Win32
		{16B0490B-77C0-4802-8BBA-AB60B3555A4D}.Release|x86.Build.0 = Release|Win32
		{F4159F1B-08A3-4906-A946-E89F40963EBB}.Debug|x64.ActiveCfg = Debug|x64
		{F4159F1B-08A3-4906-A946-E89F40963EBB}.Debug|x64.Build.0 = Debug|x64
		{F4159F1B-08A3-4906-A946-E89F40963EBB}.Debug|x86.ActiveCfg = Debug|Win32
		{F4159F1B-08A3-4906-A946-E89F40963EBB}.Debug|x86.Build.0 = Debug|Win32
		{F4159F1B-08A3-4906-A946-E89F40963EBB}.Release|x64.ActiveCfg = Release|x64
		{F4159F1B-08A3-4906-A946-E89F40963EBB}.Release|x64.Build.0 = Release|x64
		{F4159F1B-08A3-4906-A946-E89F40963EBB}.Release|x86.ActiveCfg = Release|Win32
		{F4159F1B-08A3-4906-A946-E89F40963EBB}.Release|x86.Build.0 = Release|Win32
		{0815C419-44EF-40C0-ADC2-DEACC6FFC29C}.Debug|x64.ActiveCfg = Debug|x64
		{0815C419-44EF-40C0-ADC2-DEACC6FFC29C}.Debug|x64.Build.0 = Debug|x64
		{0815C419-44EF-40C0-ADC2-DEACC6FFC29C}.Debug|x86.ActiveCfg = Debug|Win32
		{0815C419-44EF-40C0-ADC2-DEACC6FFC29C}.Debug|x86.Build.0 = Debug|Win32
		{0815C419-44EF-40C0-ADC2-DEACC6FFC29C}.Release|x64.ActiveCfg = Release|x64
		{0815C419-44EF-40C0-ADC2-DEACC6FFC29C}.Release|x64.Build.0 = Release|x64
		{0815C419-44EF-40C0-ADC2-DEACC6FFC29C}.Release|x86.ActiveCfg = Release|Win32
		{0815C419-44EF-40C0-ADC2-DEACC6FFC29C}.Release|x86.Build.0 = Release|Win32
		{F26A3E79-A645-4EFE-8993-E3ACAD5AABF3}.Debug|x64.ActiveCfg = Debug|x64
		{F26A3E79-A645-4EFE-8993-E3ACAD5AABF3}.Debug|x64.Build.0 = Debug|x64
		{F26A3E79-A645-4EFE-8993-E3ACAD5AABF3}.Debug|x86.ActiveCfg = Debug|Win32
		{F26A3E79-A645-4EFE-8993-E3ACAD5AABF3}.Debug|x86.Build.0 = Debug|Win32
		{F26A3E79-A645-4EFE-8993-E3ACAD5AABF3}.Release|x64.ActiveCfg = Release|x64
		{F26A3E79-A645-4EFE-8993-E3ACAD5AABF3}.Release|x64.Build.0 = Release|x64
		{F26A3E79-A645-4EFE-8993-E3ACAD5AABF3}.Release|x86.ActiveCfg = Release|Win32
		{F26A3E79-A645-4EFE-8993-E3ACAD5AABF3}.Release|x86.Build.0 = Release|Win32
		{5B87C945-944D-41B6-9809-A1A9388FCAB8}.Debug|x64.ActiveCfg = Debug|x64
		{5B87C945-944D-41B6-9809-A1A9388FCAB8}.Debug|x64.Build.0 = Debug|x64
		{5B87C945-944D-41B6-9809-A1A9388FCAB8}.Debug|x86.ActiveCfg = Debug|Win32
		{5B87C945-944D-41B6-9809-A1A9388FCAB8}.Debug|x86.Build.0 = Debug|Win32
		{5B87C945-944D-41B6-9809-A1A9388FCAB8}.Release|x64.ActiveCfg = Release|x64
		{5B87C945-944D-41B6-9809-A1A9388FCAB8}.Release|x64.Build.0 = Release|x64
		{5B87C945-944D-41B6-9809-A1A9388FCAB8}.Release|x86.ActiveCfg = Release|Win32
		{5B87C945-944D-41B6-9809-A1A9388FCAB8}.Release|x86.Build.0 = Release|Win32
		{10CD2554-FB07-45F6-91F7-16544BA65EB1}.Debug|x64.ActiveCfg = Debug|x64
		{10CD2554-FB07-45F6-91F7-16544BA65EB1}.Debug|x64.Build.0 = Debug|x64
		{10CD2554-FB07-45F6-91F7-16544BA65EB1}.Debug|x86.ActiveCfg = Debug|Win32
		{10CD2554-FB07-45F6-91F7-16544BA65EB1}.Debug|x86.Build.0 = Debug|Win32
		{10CD2554-FB07-45F6-91F7-16544BA65EB1}.Release|x64.ActiveCfg = Release|x64
		{10CD2554-FB07-45F6-91F7-16544BA65EB1}.Release|x64.Build.0 = Release|x64
		{10CD2554-FB07-45F6-91F7-16544BA65EB1}.Release|x86.ActiveCfg = Release|Win32
		{10CD2554-FB07-45F6-91F7-16544BA65EB1}.Release|x86.Build.0 = Release|Win32
		{ADB144CC-E735-440A-8E0B-42BECE5F2452}.Debug|x64.ActiveCfg = Debug|x64
		{ADB144CC-E735-440A-8E0B-42BECE5F2452}.Debug|x64.Build.0 = Debug|x64
		{ADB144CC-E735-440A-8E0B-42BECE5F2452}.Debug|x86.ActiveCfg = Debug|Win32
		{ADB144CC-E735-440A-8E0B-42BECE5F2452}.Debug|x86.Build.0 = Debug|Win32
		{ADB144CC-E735-440A-8E0B-42BECE5F2452}.Release|x64.ActiveCfg = Release|x64
		{ADB144CC-E735-440A-8E0B-42BECE5F2452}.Release|x64.Build.0 = Release|x64
		{ADB144CC-E735-440A-8E0B-42BECE5F2452}.Release|x86.ActiveCfg = Release|Win32
		{ADB144CC-E735-440A-8E0B-42BECE5F2452}.Release|x86.Build.0 = Release|Win32
		{A26D4E13-4B36-40FF-B774-BB8C8DAF0E43}.Debug|x64.ActiveCfg = Debug|x64
		{A26D4E13-4B36-40FF-B774-BB8C8DAF0E43}.Debug|x64.Build.0 = Debug|x64
		{A26D4E13-4B36-40FF-B774-BB8C8DAF0E43}.Debug|x86.ActiveCfg = Debug|Win32
		{A26D4E13-4B36-40FF-B774-BB8C8DAF0E43}.Debug|x86.Build.0 = Debug|Win32
		{A26D4E13-4B36-40FF-B774-BB8C8DAF0E43}.Release|x64.ActiveCfg = Release|x64
		{A26D4E13-4B36-40FF-B774-BB8C8DAF0E43}.Release|x64.Build.0 = Release|x64
		{A26D4E13-4B36-40FF-B774-BB8C8DAF0E43}.Release|x86.ActiveCfg = Release|Win32
		{A26D4E13-4B36-40FF-B774-BB8C8DAF0E43}.Release|x86.Build.0 = Release|Win32
		{E59C3F56-E40A-41AF-86DF-1AE954669DCD}.Debug|x64.ActiveCfg = Debug|x64
		{E59C3F56-E40A-41AF-86DF-1AE954669DCD}.Debug|x64.Build.0 = Debug|x64
		{E59C3F56-E40A-41AF-86DF-1AE954669DCD}.Debug|x86.ActiveCfg = Debug|Win32
		{E59C3F56-E40A-41AF-86DF-1AE954669DCD}.Debug|x86.Build.0 = Debug|Win32
		{E59C3F56-E40A-41AF-86DF-1AE954669DCD}.Release|x64.ActiveCfg = Release|x64
		{E59C3F56-E40A-41AF-86DF-1AE954669DCD}.Release|x64.Build.0 = Release|x64
		{E59C3F56-E40A-41AF-86DF-1AE954669DCD}.Release|x86.ActiveCfg = Release|Win32
		{E59C3F56-E40A-41AF-86DF-1AE954669DCD}.Release|x86.Build.0 = Release|Win32
		{3984F03C-C0DC-4F21-A3CB-6D0F520F9B1D}.Debug|x64.ActiveCfg = Debug|x64
		{3984F03C-C0DC-4F21-A3CB-6D0F520F9B1D}.Debug|x64.Build.0 = Debug|x64
		{3984F03C-C0DC-4F21-A3CB-6D0F520F9B1D}.Debug|x86.ActiveCfg = Debug|Win32
		{3984F03C-C0DC-4F21-A3CB-6D0F520F9B1D}.Debug|x86.Build.0 = Debug|Win32
		{3984F03C-C0DC-4F21-A3CB-6D0F520F9B1D}.Release|x64.ActiveCfg = Release|x64
		{3984F03C-C0DC-4F21-A3CB-6D0F520F9B1D}.Release|x64.Build.0 = Release|x64
		{3984F03C-C0DC-4F21-A3CB-6D0F520F9B1D}.Release|x86.ActiveCfg = Release|Win32
		{3984F03C-C0DC-4F21-A3CB-6D0F520F9B1D}.Release|x86.Build.0 = Release|Win32
		{1BB7A640-545A-4F36-8490-1DFE9D7DDE5D}.Debug|x64.ActiveCfg = Debug|x64
		{1BB7A640-545A-4F36-8490-1DFE9D7DDE5D}.Debug|x64.Build.0 = Debug|x64
		{1BB7A640-545A-4F36-8490-1DFE9D7DDE5D}.Debug|x86.ActiveCfg = Debug|Win32
		{1BB7A640-545A-4F36-8490-1DFE9D7DDE5D}.Debug|x86.Build.0 = Debug|Win32
		{1BB7A640-545A-4F36-8490-1DFE9D7DDE5D}.Release|x64.ActiveCfg = Release|x64
		{1BB7A640-545A-4F36-8490-1DFE9D7DDE5D}.Release|x64.Build.0 = Release|x64
		{1BB7A640-545A-4F36-8490-1DFE9D7DDE5D}.Release|x86.ActiveCfg = Release|Win32
		{1BB7A640-545A-4F36-8490-1DFE9D7DDE5D}.Release|x86.Build.0 = Release|Win32
		{7C6D3BEF-8956-429F-82A7-94A36B185453}.Debug|x64.ActiveCfg = Debug|x64
		{7C6D3BEF-8956-429F-82A7-94A36B185453}.Debug|x64.Build.0 = Debug|x64
		{7C6D3BEF-8956-429F-82A7-94A36B185453}.Debug|x86.ActiveCfg = Debug|Win32
		{7C6D3BEF-8956-429F-82A7-94A36B185453}.Debug|x86.Build.0 = Debug|Win32
		{7C6D3BEF-8956-429F-82A7-94A36B185453}.Release|x64.ActiveCfg = Release|x64
		{7C6D3BEF-8956-429F-82A7-94A36B185453}.Release|x64.Build.0 = Release|x64
		{7C6D3BEF-8956-429F-82A7-94A36B185453}.Release|x86.ActiveCfg = Release|Win32
		{7C6D3BEF-8956-429F-82A7-94A36B185453}.Release|x86.Build.0 = Release|Win32
		{9BC02370-CCD2-4A7F-B77C-2ABAFC7A76F9}.Debug|x64.ActiveCfg = Debug|x64
		{9BC02370-CCD2-4A7F-B77C-2ABAFC7A76F9}.Debug|x64.Build.0 = Debug|x64
		{9BC02370-CCD2-4A7F-B77C-2ABAFC7A76F9}.Debug|x86.ActiveCfg = Debug|Win32
		{9BC02370-CCD2-4A7F-B77C-2ABAFC7A76F9}.Debug|x86.Build.0 = Debug|Win32
		{9BC02370-CCD2-4A7F-B77C-2ABAFC7A76F9}.Release|x64.ActiveCfg = Release|x64
		{9BC02370-CCD2-4A7F-B77C-2ABAFC7A76F9}.Release|x64.Build.0 = Release|x64
		{9BC02370-CCD2-4A7F-B77C-2ABAFC7A76F9}.Release|x86.ActiveCfg = Release|Win32
		{9BC02370-CCD2-4A7F-B77C-2ABAFC7A76F9}.Release|x86.Build.0 = Release|Win32
		{A655CF9E-2D68-47A6-B4D9-17987E04D2B1}.Debug|x64.ActiveCfg = Debug|x64
		{A655CF9E-2D68-47A6-B4D9-17987E04D2B1}.Debug|x64.Build.0 = Debug|x64
		{A655CF9E-2D68-47A6-B4D9-17987E04D2B1}.Debug|x86.ActiveCfg = Debug|Win32
		{A655CF9E-2D68-47A6-B4D9-17987E04D2B1}.Debug|x86.Build.0 = Debug|Win32
		{A655CF9E-2D68-47A6-B4D9-17987E04D2B1}.Release|x64.ActiveCfg = Release|x64
		{A655CF9E-2D68-47A6-B4D9-17987E04D2B1}.Release|x64.Build.0 = Release|x64
		{A655CF9E-2D68-47A6-B4D9-17987E04D2B1}.Release|x86.ActiveCfg = Release|Win32
		{A655CF9E-2D68-47A6-B4D9-17987E04D2B1}.Release|x86.Build.0 = Release|Win32
		{7CBD970D-9D43-4DF7-9090-5D6334AC01C7}.Debug|x64.ActiveCfg = Debug|x64
		{7CBD970D-9D43-4DF7-9090-5D6334AC01C7}.Debug|x64.Build.0 = Debug|x64
		{7CBD970D-9D43-4DF7-9090-5D6334AC01C7}.Debug|x86.ActiveCfg = Debug|Win32
		{7CBD970D-9D43-4DF7-9090-5D6334AC01C7}.Debug|x86.Build.0 = Debug|Win32
		{7CBD970D-9D43-4DF7-9090-5D6334AC01C7}.Release|x64.ActiveCfg = Release|x64
		{7CBD970D-9D43-4DF7-9090-5D6334AC01C7}.Release|x64.Build.0 = Release|x64
		{7CBD970D-9D43-4DF7-9090-5D6334AC01C7}.Release|x86.ActiveCfg = Release|Win32
		{7CBD970D-9D43-4DF7-9090-5D6334AC01C7}.Release|x86.Build.0 = Release|Win32
		{DB3F5213-FEB7-4ABB-A751-4E074A8075CB}.Debug|x64.ActiveCfg = Debug|x64
		{DB3F5213-FEB7-4ABB-A751-4E074A8075CB}.Debug|x64.Build.0 = Debug|x64
		{DB3F5213-FEB7-4ABB-A751-4E074A8075CB}.Debug|x86.ActiveCfg = Debug|Win32
		{DB3F5213-FEB7-4ABB-A751-4E074A8075CB}.Debug|x86.Build.0 = Debug|Win32
		{DB3F5213-FEB7-4ABB-A751-4E074A8075CB}.Release|x64.ActiveCfg = Release|x64
		{DB3F5213-FEB7-4ABB-A751-4E074A8075CB}.Release|x64.Build.0 = Release|x64
		{DB3F5213-FEB7-4ABB-A751-4E074A8075CB}.Release|x86.ActiveCfg = Release|Win32
		{DB3F5213-FEB7-4ABB-A751-4E074A8075CB}.Release|x86.Build.0 = Release|Win32
		{488EE599-72B7-4A47-AE53-6585E1A0C782}.Debug|x64.ActiveCfg = Debug|x64
		{488EE599-72B7-4A47-AE53-6585E1A0C782}.Debug|x64.Build.0 = Debug|x64
		{488EE599-72B7-4A47-AE53-6585E1A0C782}.Debug|x86.ActiveCfg = Debug|Win32
		{488EE599-72B7-4A47-AE53-6585E1A0C782}.Debug|x86.Build.0 = Debug|Win32
		{488EE599-72B7-4A47-AE53-6585E1A0C782}.Release|x64.ActiveCfg = Release|x64
		{488EE599-72B7-4A47-AE53-6585E1A0C782}.Release|x64.Build.0 = Release|x64
		{488EE599-72B7-4A47-AE53-6585E1A0C782}.Release|x86.ActiveCfg = Release|Win32
		{488EE599-72B7-4A47-AE53-6585E1A0C782}.Release|x86.Build.0 = Release|Win32
		{FEA5787B-B711-41D3-8797-41177FEA1B7F}.Debug|x64.ActiveCfg = Debug|x64
		{FEA5787B-B711-41D3-8797-41177FEA1B7F}.Debug|x64.Build.0 = Debug|x64
		{FEA5787B-B711-41D3-8797-41177FEA1B7F}.Debug|x86.ActiveCfg = Debug|Win32
		{FEA5787B-B711-41D3-8797-41177FEA1B7F}.Debug|x86.Build.0 = Debug|Win32
		{FEA5787B-B711-41D3-8797-41177FEA1B7F}.Release|x64.ActiveCfg = Release|x64
		{FEA5787B-B711-41D3-8797-41177FEA1B7F}.Release|x64.Build.0 = Release|x64
		{FEA5787B-B711-41D3-8797-41177FEA1B7F}.Release|x86.ActiveCfg = Release|Win32
		{FEA5787B-B711-41D3-8797-41177FEA1B7F}.Release|x86.Build.0 = Release|Win32
		{20DA8AC9-1B64-47A1-84CB-125304B0E1EF}.Debug|x64.ActiveCfg = Debug|x64
		{20DA8AC9-1B64-47A1-84CB-125304B0E1EF}.Debug|x64.Build.0 = Debug|x64
		{20DA8AC9-1B64-47A1-84CB-125304B0E1EF}.Debug|x86.ActiveCfg = Debug|Win32
		{20DA8AC9-1B64-47A1-84CB-125304B0E1EF}.Debug|x86.Build.0 = Debug|Win32
		{20DA8AC9-1B64-47A1-84CB-125304B0E1EF}.Release|x64.ActiveCfg = Release|x64
		{20DA8AC9-1B64-47A1-84CB-125304B0E1EF}.Release|x64.Build.0 = Release|x64
		{20DA8AC9-1B64-47A1-84CB-125304B0E1EF}.Release|x86.ActiveCfg = Release|Win32
		{20DA8AC9-1B64-47A1-84CB-125304B0E1EF}.Release|x86.Build.0 = Release|Win32
		{B4E6AB21-D992-4546-A7E9-8C6CC0BB7488}.Debug|x64.ActiveCfg = Debug|x64
		{B4E6AB21-D992-4546-A7E9-8C6CC0BB7488}.Debug|x64.Build.0 = Debug|x64
		{B4E6AB21-D992-4546-A7E9-8C6CC0BB7488}.Debug|x86.ActiveCfg = Debug|Win32
		{B4E6AB21-D992-4546-A7E9-8C6CC0BB7488}.Debug|x86.Build.0 = Debug|Win32
		{B4E6AB21-D992-4546-A7E9-8C6CC0BB7488}.Release|x64.ActiveCfg = Release|x64
		{B4E6AB21-D992-4546-A7E9-8C6CC0BB7488}.Release|x64.Build.0 = Release|x64
		{B4E6AB21-D992-4546-A7E9-8C6CC0BB7488}.Release|x86.ActiveCfg = Release|Win32
		{B4E6AB21-D992-4546-A7E9-8C6CC0BB7488}.Release|x86.Build.0 = Release|Win32
		{7CE65E6B-26B4-4871-8A39-F9DA286937BA}.Debug|x64.ActiveCfg = Debug|x64
		{7CE65E6B-26B4-4871-8A39-F9DA286937BA}.Debug|x64.Build.0 = Debug|x64
		{7CE65E6B-26B4-4871-8A39-F9DA286937BA}.Debug|x86.ActiveCfg = Debug|Win32
		{7CE65E6B-26B4-4871-8A39-F9DA286937BA}.Debug|x86.Build.0 = Debug|Win32
		{7CE65E6B-26B4-4871-8A39-F9DA286937BA}.Release|x64.ActiveCfg = Release|x64
		{7CE65E6B-26B4-4871-8A39-F9DA286937BA}.Release|x64.Build.0 = Release|x64
		{7CE65E6B-26B4-4871-8A39-F9DA286937BA}.Release|x86.ActiveCfg = Release|Win32
		{7CE65E6B-26B4-4871-8A39-F9DA286937BA}.Release|x86.Build.0 = Release|Win32
		{239D00C7-1C61-4A25-BF77-70FCAB18D96B}.Debug|x64.ActiveCfg = Debug|x64
		{239D00C7-1C61-4A25-BF77-70FCAB18D96B}.Debug|x64.Build.0 = Debug|x64
		{239D00C7-1C61-4A25-BF77-70FCAB18D96B}.Debug|x86.ActiveCfg = Debug|Win32
		{239D00C7-1C61-4A25-BF77-70FCAB18D96B}.Debug|x86.Build.0 = Debug|Win32
		{239D00C7-1C61-4A25-BF77-70FCAB18D96B}.Release|x64.ActiveCfg = Release|x64
		{239D00C7-1C61-4A25-BF77-70FCAB18D96B}.Release|x64.Build.0 = Release|x64
		{239D00C7-1C61-4A25-BF77-70FCAB18D96B}.Release|x86.ActiveCfg = Release|Win32
		{239D00C7-1C61-4A25-BF77-70FCAB18D96B}.Release|x86.Build.0 = Release|Win32
		{1E7A474A-7ABE-4A57-8C0C-D627186DC87A}.Debug|x64.ActiveCfg = Debug|x64
		{1E7A474A-7ABE-4A57-8C0C-D627186DC87A}.Debug|x64.Build.0 = Debug|x64
		{1E7A474A-7ABE-4A57-8C0C-D627186DC87A}.Debug|x86.ActiveCfg = Debug|Win32
		{1E7A474A-7ABE-4A57-8C0C-D627186DC87A}.Debug|x86.Build.0 = Debug|Win32
		{1E7A474A-7ABE-4A57-8C0C-D627186DC87A}.Release|x64.ActiveCfg = Release|x64
		{1E7A474A-7ABE-4A57-8C0C-D627186DC87A}.Release|x64.Build.0 = Release|x64
		{1E7A474A-7ABE-4A57-8C0C-D627186DC87A}.Release|x86.ActiveCfg = Release|Win32
		{1E7A474A-7ABE-4A57-8C0C-D627186DC87A}.Release|x86.Build.0 = Release|Win32
		{79A1AB36-776E-42B4-9457-4A685E981D76}.Debug|x64.ActiveCfg = Debug|x64
		{79A1AB36-776E-42B4-9457-4A685E981D76}.Debug|x64.Build.0 = Debug|x64
		{79A1AB36-776E-42B4-9457-4A685E981D76}.Debug|x86.ActiveCfg = Debug|Win32
		{79A1AB36-776E-42B4-9457-4A685E981D76}.Debug|x86.Build.0 = Debug|Win32
		{79A1AB36-776E-42B4-9457-4A685E981D76}.Release|x64.ActiveCfg = Release|x64
		{79A1AB36-776E-42B4-9457-4A685E981D76}.Release|x64.Build.0 = Release|x64
		{79A1AB36-776E-42B4-9457-4A685E981D76}.Release|x86.ActiveCfg = Release|Win32
		{79A1AB36-776E-42B4-9457-4A685E981D76}.Release|x86.Build.0 = Release|Win32
		{BBFD5D89-B736-4CDF-B291-0341204A3424}.Debug|x64.ActiveCfg = Debug|x64
		{BBFD5D89-B736-4CDF-B291-0341204A3424}.Debug|x64.Build.0 = Debug|x64
		{BBFD5D89-B736-4CDF-B291-0341204A3424}.Debug|x86.ActiveCfg = Debug|Win32
		{BBFD5D89-B736-4CDF-B291-0341204A3424}.Debug|x86.Build.0 = Debug|Win32
		{BBFD5D89-B736-4CDF-B291-0341204A3424}.Release|x64.ActiveCfg = Release|x64
		{BBFD5D89-B736-4CDF-B291-0341204A3424}.Release|x64.Build.0 = Release|x64
		{BBFD5D89-B736-4CDF-B291-0341204A3424}.Release|x86.ActiveCfg = Release|Win32
		{BBFD5D89-B736-4CDF-B291-0341204A3424}.Release|x86.Build.0 = Release|Win32
		{E2677252-8898-41A8-9421-2BEF83A91D86}.Debug|x64.ActiveCfg = Debug|x64
		{E2677252-8898-41A8-9421-2BEF83A91D86}.Debug|x64.Build.0 = Debug|x64
		{E2677252-8898-41A8-9421-2BEF83A91D86}.Debug|x86.ActiveCfg = Debug|Win32
		{E2677252-8898-41A8-9421-2BEF83A91D86}.Debug|x86.Build.0 = Debug|Win32
		{E2677252-8898-41A8-9421-2BEF83A91D86}.Release|x64.ActiveCfg = Release|x64
		{E2677252-8898-41A8-9421-2BEF83A91D86}.Release|x64.Build.0 = Release|x64
		{E2677252-8898-41A8-9421-2BEF83A91D86}.Release|x86.ActiveCfg = Release|Win32
		{E2677252-8898-41A8-9421-2BEF83A91D86}.Release|x86.Build.0 = Release|Win32
		{9A4EE3C0-F392-49C7-9728-B8890374A940}.Debug|x64.ActiveCfg = Debug|x64
		{9A4EE3C0-F392-49C7-9728-B8890374A940}.Debug|x64.Build.0 = Debug|x64
		{9A4EE3C0-F392-49C7-9728-B8890374A940}.Debug|x86.ActiveCfg = Debug|Win32
		{9A4EE3C0-F392-49C7-9728-B8890374A940}.Debug|x86.Build.0 = Debug|Win32
		{9A4EE3C0-F392-49C7-9728-B8890374A940}.Release|x64.ActiveCfg = Release|x64
		{9A4EE3C0-F392-49C7-9728-B8890374A940}.Release|x64.Build.0 = Release|x64
		{9A4EE3C0-F392-49C7-9728-B8890374A940}.Release|x86.ActiveCfg = Release|Win32
		{9A4EE3C0-F392-49C7-9728-B8890374A940}.Release|x86.Build.0 = Release|Win32
		{70A51A6F-20E0-473E-A641-19BF94902283}.Debug|x64.ActiveCfg = Debug|x64
		{70A51A6F-20E0-473E-A641-19BF94902283}.Debug|x64.Build.0 = Debug|x64
		{70A51A6F-20E0-473E-A641-19BF94902283}.Debug|x86.ActiveCfg = Debug|Win32
		{70A51A6F-20E0-473E-A641-19BF94902283}.Debug|x86.Build.0 = Debug|Win32
		{70A51A6F-20E0-473E-A641-19BF94902283}.Release|x64.ActiveCfg = Release|x64
		{70A51A6F-20E0-473E-A641-19BF94902283}.Release|x64.Build.0 = Release|x64
		{70A51A6F-20E0-473E-A641-19BF94902283}.Release|x86.ActiveCfg = Release|Win32
		{70A51A6F-20E0-473E-A641-19BF94902283}.Release|x86.Build.0 = Release|Win32
	EndGlobalSection
	GlobalSection(SolutionProperties) = preSolution
		HideSolutionNode = FALSE
	EndGlobalSection
	GlobalSection(ExtensibilityGlobals) = postSolution
		SolutionGuid = {E67E5994-A37E-4136-8667-6B9654E237DA}
	EndGlobalSection
EndGlobal
