
Microsoft Visual Studio Solution File, Format Version 12.00
# Visual Studio Version 16
VisualStudioVersion = 16.0.34931.43
MinimumVisualStudioVersion = 10.0.40219.1
Project("{8BC9CEB8-8B4A-11D0-8D11-00A0C91BC942}") = "product_of_array_except_itself", "product_of_array_except_itself\product_of_array_except_itself.vcxproj", "{E1DC369D-CBD1-4D24-9B3F-10CB31A9DE31}"
EndProject
Project("{8BC9CEB8-8B4A-11D0-8D11-00A0C91BC942}") = "valid_sudoku", "valid_sudoku\valid_sudoku.vcxproj", "{19002D8E-C50A-44D7-BA69-4A28BA5E6C66}"
EndProject
Project("{8BC9CEB8-8B4A-11D0-8D11-00A0C91BC942}") = "maximum_value_of_a_string_in_an_array", "maximum_value_of_a_string_in_an_array\maximum_value_of_a_string_in_an_array.vcxproj", "{DA43C68F-A005-485D-BA00-A15DA0CCB4F5}"
EndProject
Project("{8BC9CEB8-8B4A-11D0-8D11-00A0C91BC942}") = "maximum_segment_sum_after_removals", "maximum_segment_sum_after_removals\maximum_segment_sum_after_removals.vcxproj", "{3EF3EAF5-B03A-48D5-8B58-2FD404A4112C}"
EndProject
Project("{8BC9CEB8-8B4A-11D0-8D11-00A0C91BC942}") = "2570_merge_two_arrays_by_summing_their_values", "2570_merge_two_arrays_by_summing_their_values\2570_merge_two_arrays_by_summing_their_values.vcxproj", "{20C347FD-B868-48C5-9DEA-F68AB81394AD}"
EndProject
Project("{8BC9CEB8-8B4A-11D0-8D11-00A0C91BC942}") = "387_first_unique_character_in_a_string", "387_first_unique_character_in_a_string\387_first_unique_character_in_a_string.vcxproj", "{89A5091E-9CFA-4585-BBFD-90D290EF68B3}"
EndProject
Project("{8BC9CEB8-8B4A-11D0-8D11-00A0C91BC942}") = "counting_sort", "counting_sort\counting_sort.vcxproj", "{0DF974AE-A150-4CC3-8877-822ED686B5BD}"
EndProject
Project("{8BC9CEB8-8B4A-11D0-8D11-00A0C91BC942}") = "utils", "utils\utils.vcxproj", "{16B0490B-77C0-4802-8BBA-AB60B3555A4D}"
EndProject
Project("{8BC9CEB8-8B4A-11D0-8D11-00A0C91BC942}") = "227_basic_calculator", "227_basic_calculator\227_basic_calculator.vcxproj", "{F4159F1B-08A3-4906-A946-E89F40963EBB}"
EndProject
Project("{8BC9CEB8-8B4A-11D0-8D11-00A0C91BC942}") = "964_least_operators_to_express_number", "964_least_operators_to_express_number\964_least_operators_to_express_number.vcxproj", "{0815C419-44EF-40C0-ADC2-DEACC6FFC29C}"
EndProject
Project("{8BC9CEB8-8B4A-11D0-8D11-00A0C91BC942}") = "2058_find_the_min_and_max_number_of_nodes_between_critical_points", "2058_find_the_min_and_max_number_of_nodes_between_critical_points\2058_find_the_min_and_max_number_of_nodes_between_critical_points.vcxproj", "{F26A3E79-A645-4EFE-8993-E3ACAD5AABF3}"
EndProject
Project("{8BC9CEB8-8B4A-11D0-8D11-00A0C91BC942}") = "2751_robot_collisions", "2751_robot_collisions\2751_robot_collisions.vcxproj", "{5B87C945-944D-41B6-9809-A1A9388FCAB8}"
EndProject
Project("{8BC9CEB8-8B4A-11D0-8D11-00A0C91BC942}") = "1380_lucky_number_in_matrix", "1380_lucky_number_in_matrix\1380_lucky_number_in_matrix.vcxproj", "{10CD2554-FB07-45F6-91F7-16544BA65EB1}"
EndProject
Project("{8BC9CEB8-8B4A-11D0-8D11-00A0C91BC942}") = "1636_sort_array_by_increasing_frequency", "1636_sort_array_by_increasing_frequency\1636_sort_array_by_increasing_frequency.vcxproj", "{ADB144CC-E735-440A-8E0B-42BECE5F2452}"
EndProject
Project("{8BC9CEB8-8B4A-11D0-8D11-00A0C91BC942}") = "2191_sort_the_jumbled_numbers", "2191_sort_the_jumbled_numbers\2191_sort_the_jumbled_numbers.vcxproj", "{A26D4E13-4B36-40FF-B774-BB8C8DAF0E43}"
EndProject
Project("{8BC9CEB8-8B4A-11D0-8D11-00A0C91BC942}") = "912_sort_an_array", "912_sort_an_array\912_sort_an_array.vcxproj", "{E59C3F56-E40A-41AF-86DF-1AE954669DCD}"
EndProject
Project("{8BC9CEB8-8B4A-11D0-8D11-00A0C91BC942}") = "650_2_keys_keyboard", "650_2_keys_keyboard\650_2_keys_keyboard.vcxproj", "{3984F03C-C0DC-4F21-A3CB-6D0F520F9B1D}"
EndProject
Project("{8BC9CEB8-8B4A-11D0-8D11-00A0C91BC942}") = "476_number_complement", "476_number_complement\476_number_complement.vcxproj", "{1BB7A640-545A-4F36-8490-1DFE9D7DDE5D}"
EndProject
Global
	GlobalSection(SolutionConfigurationPlatforms) = preSolution
		Debug|x64 = Debug|x64
		Debug|x86 = Debug|x86
		Release|x64 = Release|x64
		Release|x86 = Release|x86
	EndGlobalSection
	GlobalSection(ProjectConfigurationPlatforms) = postSolution
		{E1DC369D-CBD1-4D24-9B3F-10CB31A9DE31}.Debug|x64.ActiveCfg = Debug|x64
		{E1DC369D-CBD1-4D24-9B3F-10CB31A9DE31}.Debug|x64.Build.0 = Debug|x64
		{E1DC369D-CBD1-4D24-9B3F-10CB31A9DE31}.Debug|x86.ActiveCfg = Debug|Win32
		{E1DC369D-CBD1-4D24-9B3F-10CB31A9DE31}.Debug|x86.Build.0 = Debug|Win32
		{E1DC369D-CBD1-4D24-9B3F-10CB31A9DE31}.Release|x64.ActiveCfg = Release|x64
		{E1DC369D-CBD1-4D24-9B3F-10CB31A9DE31}.Release|x64.Build.0 = Release|x64
		{E1DC369D-CBD1-4D24-9B3F-10CB31A9DE31}.Release|x86.ActiveCfg = Release|Win32
		{E1DC369D-CBD1-4D24-9B3F-10CB31A9DE31}.Release|x86.Build.0 = Release|Win32
		{19002D8E-C50A-44D7-BA69-4A28BA5E6C66}.Debug|x64.ActiveCfg = Debug|x64
		{19002D8E-C50A-44D7-BA69-4A28BA5E6C66}.Debug|x64.Build.0 = Debug|x64
		{19002D8E-C50A-44D7-BA69-4A28BA5E6C66}.Debug|x86.ActiveCfg = Debug|Win32
		{19002D8E-C50A-44D7-BA69-4A28BA5E6C66}.Debug|x86.Build.0 = Debug|Win32
		{19002D8E-C50A-44D7-BA69-4A28BA5E6C66}.Release|x64.ActiveCfg = Release|x64
		{19002D8E-C50A-44D7-BA69-4A28BA5E6C66}.Release|x64.Build.0 = Release|x64
		{19002D8E-C50A-44D7-BA69-4A28BA5E6C66}.Release|x86.ActiveCfg = Release|Win32
		{19002D8E-C50A-44D7-BA69-4A28BA5E6C66}.Release|x86.Build.0 = Release|Win32
		{DA43C68F-A005-485D-BA00-A15DA0CCB4F5}.Debug|x64.ActiveCfg = Debug|x64
		{DA43C68F-A005-485D-BA00-A15DA0CCB4F5}.Debug|x64.Build.0 = Debug|x64
		{DA43C68F-A005-485D-BA00-A15DA0CCB4F5}.Debug|x86.ActiveCfg = Debug|Win32
		{DA43C68F-A005-485D-BA00-A15DA0CCB4F5}.Debug|x86.Build.0 = Debug|Win32
		{DA43C68F-A005-485D-BA00-A15DA0CCB4F5}.Release|x64.ActiveCfg = Release|x64
		{DA43C68F-A005-485D-BA00-A15DA0CCB4F5}.Release|x64.Build.0 = Release|x64
		{DA43C68F-A005-485D-BA00-A15DA0CCB4F5}.Release|x86.ActiveCfg = Release|Win32
		{DA43C68F-A005-485D-BA00-A15DA0CCB4F5}.Release|x86.Build.0 = Release|Win32
		{3EF3EAF5-B03A-48D5-8B58-2FD404A4112C}.Debug|x64.ActiveCfg = Debug|x64
		{3EF3EAF5-B03A-48D5-8B58-2FD404A4112C}.Debug|x64.Build.0 = Debug|x64
		{3EF3EAF5-B03A-48D5-8B58-2FD404A4112C}.Debug|x86.ActiveCfg = Debug|Win32
		{3EF3EAF5-B03A-48D5-8B58-2FD404A4112C}.Debug|x86.Build.0 = Debug|Win32
		{3EF3EAF5-B03A-48D5-8B58-2FD404A4112C}.Release|x64.ActiveCfg = Release|x64
		{3EF3EAF5-B03A-48D5-8B58-2FD404A4112C}.Release|x64.Build.0 = Release|x64
		{3EF3EAF5-B03A-48D5-8B58-2FD404A4112C}.Release|x86.ActiveCfg = Release|Win32
		{3EF3EAF5-B03A-48D5-8B58-2FD404A4112C}.Release|x86.Build.0 = Release|Win32
		{20C347FD-B868-48C5-9DEA-F68AB81394AD}.Debug|x64.ActiveCfg = Debug|x64
		{20C347FD-B868-48C5-9DEA-F68AB81394AD}.Debug|x64.Build.0 = Debug|x64
		{20C347FD-B868-48C5-9DEA-F68AB81394AD}.Debug|x86.ActiveCfg = Debug|Win32
		{20C347FD-B868-48C5-9DEA-F68AB81394AD}.Debug|x86.Build.0 = Debug|Win32
		{20C347FD-B868-48C5-9DEA-F68AB81394AD}.Release|x64.ActiveCfg = Release|x64
		{20C347FD-B868-48C5-9DEA-F68AB81394AD}.Release|x64.Build.0 = Release|x64
		{20C347FD-B868-48C5-9DEA-F68AB81394AD}.Release|x86.ActiveCfg = Release|Win32
		{20C347FD-B868-48C5-9DEA-F68AB81394AD}.Release|x86.Build.0 = Release|Win32
		{89A5091E-9CFA-4585-BBFD-90D290EF68B3}.Debug|x64.ActiveCfg = Debug|x64
		{89A5091E-9CFA-4585-BBFD-90D290EF68B3}.Debug|x64.Build.0 = Debug|x64
		{89A5091E-9CFA-4585-BBFD-90D290EF68B3}.Debug|x86.ActiveCfg = Debug|Win32
		{89A5091E-9CFA-4585-BBFD-90D290EF68B3}.Debug|x86.Build.0 = Debug|Win32
		{89A5091E-9CFA-4585-BBFD-90D290EF68B3}.Release|x64.ActiveCfg = Release|x64
		{89A5091E-9CFA-4585-BBFD-90D290EF68B3}.Release|x64.Build.0 = Release|x64
		{89A5091E-9CFA-4585-BBFD-90D290EF68B3}.Release|x86.ActiveCfg = Release|Win32
		{89A5091E-9CFA-4585-BBFD-90D290EF68B3}.Release|x86.Build.0 = Release|Win32
		{0DF974AE-A150-4CC3-8877-822ED686B5BD}.Debug|x64.ActiveCfg = Debug|x64
		{0DF974AE-A150-4CC3-8877-822ED686B5BD}.Debug|x64.Build.0 = Debug|x64
		{0DF974AE-A150-4CC3-8877-822ED686B5BD}.Debug|x86.ActiveCfg = Debug|Win32
		{0DF974AE-A150-4CC3-8877-822ED686B5BD}.Debug|x86.Build.0 = Debug|Win32
		{0DF974AE-A150-4CC3-8877-822ED686B5BD}.Release|x64.ActiveCfg = Release|x64
		{0DF974AE-A150-4CC3-8877-822ED686B5BD}.Release|x64.Build.0 = Release|x64
		{0DF974AE-A150-4CC3-8877-822ED686B5BD}.Release|x86.ActiveCfg = Release|Win32
		{0DF974AE-A150-4CC3-8877-822ED686B5BD}.Release|x86.Build.0 = Release|Win32
		{16B0490B-77C0-4802-8BBA-AB60B3555A4D}.Debug|x64.ActiveCfg = Debug|x64
		{16B0490B-77C0-4802-8BBA-AB60B3555A4D}.Debug|x64.Build.0 = Debug|x64
		{16B0490B-77C0-4802-8BBA-AB60B3555A4D}.Debug|x86.ActiveCfg = Debug|Win32
		{16B0490B-77C0-4802-8BBA-AB60B3555A4D}.Debug|x86.Build.0 = Debug|Win32
		{16B0490B-77C0-4802-8BBA-AB60B3555A4D}.Release|x64.ActiveCfg = Release|x64
		{16B0490B-77C0-4802-8BBA-AB60B3555A4D}.Release|x64.Build.0 = Release|x64
		{16B0490B-77C0-4802-8BBA-AB60B3555A4D}.Release|x86.ActiveCfg = Release|Win32
		{16B0490B-77C0-4802-8BBA-AB60B3555A4D}.Release|x86.Build.0 = Release|Win32
		{F4159F1B-08A3-4906-A946-E89F40963EBB}.Debug|x64.ActiveCfg = Debug|x64
		{F4159F1B-08A3-4906-A946-E89F40963EBB}.Debug|x64.Build.0 = Debug|x64
		{F4159F1B-08A3-4906-A946-E89F40963EBB}.Debug|x86.ActiveCfg = Debug|Win32
		{F4159F1B-08A3-4906-A946-E89F40963EBB}.Debug|x86.Build.0 = Debug|Win32
		{F4159F1B-08A3-4906-A946-E89F40963EBB}.Release|x64.ActiveCfg = Release|x64
		{F4159F1B-08A3-4906-A946-E89F40963EBB}.Release|x64.Build.0 = Release|x64
		{F4159F1B-08A3-4906-A946-E89F40963EBB}.Release|x86.ActiveCfg = Release|Win32
		{F4159F1B-08A3-4906-A946-E89F40963EBB}.Release|x86.Build.0 = Release|Win32
		{0815C419-44EF-40C0-ADC2-DEACC6FFC29C}.Debug|x64.ActiveCfg = Debug|x64
		{0815C419-44EF-40C0-ADC2-DEACC6FFC29C}.Debug|x64.Build.0 = Debug|x64
		{0815C419-44EF-40C0-ADC2-DEACC6FFC29C}.Debug|x86.ActiveCfg = Debug|Win32
		{0815C419-44EF-40C0-ADC2-DEACC6FFC29C}.Debug|x86.Build.0 = Debug|Win32
		{0815C419-44EF-40C0-ADC2-DEACC6FFC29C}.Release|x64.ActiveCfg = Release|x64
		{0815C419-44EF-40C0-ADC2-DEACC6FFC29C}.Release|x64.Build.0 = Release|x64
		{0815C419-44EF-40C0-ADC2-DEACC6FFC29C}.Release|x86.ActiveCfg = Release|Win32
		{0815C419-44EF-40C0-ADC2-DEACC6FFC29C}.Release|x86.Build.0 = Release|Win32
		{F26A3E79-A645-4EFE-8993-E3ACAD5AABF3}.Debug|x64.ActiveCfg = Debug|x64
		{F26A3E79-A645-4EFE-8993-E3ACAD5AABF3}.Debug|x64.Build.0 = Debug|x64
		{F26A3E79-A645-4EFE-8993-E3ACAD5AABF3}.Debug|x86.ActiveCfg = Debug|Win32
		{F26A3E79-A645-4EFE-8993-E3ACAD5AABF3}.Debug|x86.Build.0 = Debug|Win32
		{F26A3E79-A645-4EFE-8993-E3ACAD5AABF3}.Release|x64.ActiveCfg = Release|x64
		{F26A3E79-A645-4EFE-8993-E3ACAD5AABF3}.Release|x64.Build.0 = Release|x64
		{F26A3E79-A645-4EFE-8993-E3ACAD5AABF3}.Release|x86.ActiveCfg = Release|Win32
		{F26A3E79-A645-4EFE-8993-E3ACAD5AABF3}.Release|x86.Build.0 = Release|Win32
		{5B87C945-944D-41B6-9809-A1A9388FCAB8}.Debug|x64.ActiveCfg = Debug|x64
		{5B87C945-944D-41B6-9809-A1A9388FCAB8}.Debug|x64.Build.0 = Debug|x64
		{5B87C945-944D-41B6-9809-A1A9388FCAB8}.Debug|x86.ActiveCfg = Debug|Win32
		{5B87C945-944D-41B6-9809-A1A9388FCAB8}.Debug|x86.Build.0 = Debug|Win32
		{5B87C945-944D-41B6-9809-A1A9388FCAB8}.Release|x64.ActiveCfg = Release|x64
		{5B87C945-944D-41B6-9809-A1A9388FCAB8}.Release|x64.Build.0 = Release|x64
		{5B87C945-944D-41B6-9809-A1A9388FCAB8}.Release|x86.ActiveCfg = Release|Win32
		{5B87C945-944D-41B6-9809-A1A9388FCAB8}.Release|x86.Build.0 = Release|Win32
		{10CD2554-FB07-45F6-91F7-16544BA65EB1}.Debug|x64.ActiveCfg = Debug|x64
		{10CD2554-FB07-45F6-91F7-16544BA65EB1}.Debug|x64.Build.0 = Debug|x64
		{10CD2554-FB07-45F6-91F7-16544BA65EB1}.Debug|x86.ActiveCfg = Debug|Win32
		{10CD2554-FB07-45F6-91F7-16544BA65EB1}.Debug|x86.Build.0 = Debug|Win32
		{10CD2554-FB07-45F6-91F7-16544BA65EB1}.Release|x64.ActiveCfg = Release|x64
		{10CD2554-FB07-45F6-91F7-16544BA65EB1}.Release|x64.Build.0 = Release|x64
		{10CD2554-FB07-45F6-91F7-16544BA65EB1}.Release|x86.ActiveCfg = Release|Win32
		{10CD2554-FB07-45F6-91F7-16544BA65EB1}.Release|x86.Build.0 = Release|Win32
		{ADB144CC-E735-440A-8E0B-42BECE5F2452}.Debug|x64.ActiveCfg = Debug|x64
		{ADB144CC-E735-440A-8E0B-42BECE5F2452}.Debug|x64.Build.0 = Debug|x64
		{ADB144CC-E735-440A-8E0B-42BECE5F2452}.Debug|x86.ActiveCfg = Debug|Win32
		{ADB144CC-E735-440A-8E0B-42BECE5F2452}.Debug|x86.Build.0 = Debug|Win32
		{ADB144CC-E735-440A-8E0B-42BECE5F2452}.Release|x64.ActiveCfg = Release|x64
		{ADB144CC-E735-440A-8E0B-42BECE5F2452}.Release|x64.Build.0 = Release|x64
		{ADB144CC-E735-440A-8E0B-42BECE5F2452}.Release|x86.ActiveCfg = Release|Win32
		{ADB144CC-E735-440A-8E0B-42BECE5F2452}.Release|x86.Build.0 = Release|Win32
		{A26D4E13-4B36-40FF-B774-BB8C8DAF0E43}.Debug|x64.ActiveCfg = Debug|x64
		{A26D4E13-4B36-40FF-B774-BB8C8DAF0E43}.Debug|x64.Build.0 = Debug|x64
		{A26D4E13-4B36-40FF-B774-BB8C8DAF0E43}.Debug|x86.ActiveCfg = Debug|Win32
		{A26D4E13-4B36-40FF-B774-BB8C8DAF0E43}.Debug|x86.Build.0 = Debug|Win32
		{A26D4E13-4B36-40FF-B774-BB8C8DAF0E43}.Release|x64.ActiveCfg = Release|x64
		{A26D4E13-4B36-40FF-B774-BB8C8DAF0E43}.Release|x64.Build.0 = Release|x64
		{A26D4E13-4B36-40FF-B774-BB8C8DAF0E43}.Release|x86.ActiveCfg = Release|Win32
		{A26D4E13-4B36-40FF-B774-BB8C8DAF0E43}.Release|x86.Build.0 = Release|Win32
		{E59C3F56-E40A-41AF-86DF-1AE954669DCD}.Debug|x64.ActiveCfg = Debug|x64
		{E59C3F56-E40A-41AF-86DF-1AE954669DCD}.Debug|x64.Build.0 = Debug|x64
		{E59C3F56-E40A-41AF-86DF-1AE954669DCD}.Debug|x86.ActiveCfg = Debug|Win32
		{E59C3F56-E40A-41AF-86DF-1AE954669DCD}.Debug|x86.Build.0 = Debug|Win32
		{E59C3F56-E40A-41AF-86DF-1AE954669DCD}.Release|x64.ActiveCfg = Release|x64
		{E59C3F56-E40A-41AF-86DF-1AE954669DCD}.Release|x64.Build.0 = Release|x64
		{E59C3F56-E40A-41AF-86DF-1AE954669DCD}.Release|x86.ActiveCfg = Release|Win32
		{E59C3F56-E40A-41AF-86DF-1AE954669DCD}.Release|x86.Build.0 = Release|Win32
		{3984F03C-C0DC-4F21-A3CB-6D0F520F9B1D}.Debug|x64.ActiveCfg = Debug|x64
		{3984F03C-C0DC-4F21-A3CB-6D0F520F9B1D}.Debug|x64.Build.0 = Debug|x64
		{3984F03C-C0DC-4F21-A3CB-6D0F520F9B1D}.Debug|x86.ActiveCfg = Debug|Win32
		{3984F03C-C0DC-4F21-A3CB-6D0F520F9B1D}.Debug|x86.Build.0 = Debug|Win32
		{3984F03C-C0DC-4F21-A3CB-6D0F520F9B1D}.Release|x64.ActiveCfg = Release|x64
		{3984F03C-C0DC-4F21-A3CB-6D0F520F9B1D}.Release|x64.Build.0 = Release|x64
		{3984F03C-C0DC-4F21-A3CB-6D0F520F9B1D}.Release|x86.ActiveCfg = Release|Win32
		{3984F03C-C0DC-4F21-A3CB-6D0F520F9B1D}.Release|x86.Build.0 = Release|Win32
		{1BB7A640-545A-4F36-8490-1DFE9D7DDE5D}.Debug|x64.ActiveCfg = Debug|x64
		{1BB7A640-545A-4F36-8490-1DFE9D7DDE5D}.Debug|x64.Build.0 = Debug|x64
		{1BB7A640-545A-4F36-8490-1DFE9D7DDE5D}.Debug|x86.ActiveCfg = Debug|Win32
		{1BB7A640-545A-4F36-8490-1DFE9D7DDE5D}.Debug|x86.Build.0 = Debug|Win32
		{1BB7A640-545A-4F36-8490-1DFE9D7DDE5D}.Release|x64.ActiveCfg = Release|x64
		{1BB7A640-545A-4F36-8490-1DFE9D7DDE5D}.Release|x64.Build.0 = Release|x64
		{1BB7A640-545A-4F36-8490-1DFE9D7DDE5D}.Release|x86.ActiveCfg = Release|Win32
		{1BB7A640-545A-4F36-8490-1DFE9D7DDE5D}.Release|x86.Build.0 = Release|Win32
	EndGlobalSection
	GlobalSection(SolutionProperties) = preSolution
		HideSolutionNode = FALSE
	EndGlobalSection
	GlobalSection(ExtensibilityGlobals) = postSolution
		SolutionGuid = {E67E5994-A37E-4136-8667-6B9654E237DA}
	EndGlobalSection
EndGlobal
