<?xml version="1.0" encoding="utf-8"?>
<Project ToolsVersion="4.0" xmlns="http://schemas.microsoft.com/developer/msbuild/2003">
  <ItemGroup>
    <Filter Include="src">
      <UniqueIdentifier>{2ebcfb2b-0e97-4e97-a705-451987fed6f4}</UniqueIdentifier>
    </Filter>
  </ItemGroup>
  <ItemGroup>
    <ClCompile Include="src\squares_of_sorted_array.cpp">
      <Filter>src</Filter>
    </ClCompile>
  </ItemGroup>
</Project>