<?xml version="1.0" encoding="utf-8"?>
<Project ToolsVersion="4.0" xmlns="http://schemas.microsoft.com/developer/msbuild/2003">
  <ItemGroup>
    <Filter Include="src">
      <UniqueIdentifier>{4cde9fce-0a22-4a8a-8860-30ffa4745506}</UniqueIdentifier>
    </Filter>
  </ItemGroup>
  <ItemGroup>
    <ClCompile Include="src\binary_search.cpp">
      <Filter>src</Filter>
    </ClCompile>
    <ClCompile Include="src\first_bad_version.cpp">
      <Filter>src</Filter>
    </ClCompile>
  </ItemGroup>
</Project>